PODS:
  - Nimble (8.0.1)
  - Quick (2.1.0)
  - SwiftyJSON (5.0.0)

DEPENDENCIES:
  - Nimble
  - Quick
  - SwiftyJSON

SPEC REPOS:
  https://github.com/cocoapods/specs.git:
    - Nimble
    - Quick
    - SwiftyJSON

SPEC CHECKSUMS:
  Nimble: 45f786ae66faa9a709624227fae502db55a8bdd0
  Quick: 4be43f6634acfa727dd106bdf3929ce125ffa79d
  SwiftyJSON: 36413e04c44ee145039d332b4f4e2d3e8d6c4db7

PODFILE CHECKSUM: 024b19af2ca09b5972c586c4fb81226d082499d7

COCOAPODS: 1.6.1
