// !$*UTF8*$!
{
	archiveVersion = 1;
	classes = {
	};
	objectVersion = 50;
	objects = {

/* Begin PBXBuildFile section */
		E1D19E3F2546399A00143694 /* AppDelegate.swift in Sources */ = {isa = PBXBuildFile; fileRef = E1D19E3E2546399A00143694 /* AppDelegate.swift */; };
		E1D19E412546399A00143694 /* SceneDelegate.swift in Sources */ = {isa = PBXBuildFile; fileRef = E1D19E402546399A00143694 /* SceneDelegate.swift */; };
		E1D19E432546399A00143694 /* ViewController.swift in Sources */ = {isa = PBXBuildFile; fileRef = E1D19E422546399A00143694 /* ViewController.swift */; };
		E1D19E462546399A00143694 /* Main.storyboard in Resources */ = {isa = PBXBuildFile; fileRef = E1D19E442546399A00143694 /* Main.storyboard */; };
		E1D19E482546399B00143694 /* Assets.xcassets in Resources */ = {isa = PBXBuildFile; fileRef = E1D19E472546399B00143694 /* Assets.xcassets */; };
		E1D19E4B2546399B00143694 /* LaunchScreen.storyboard in Resources */ = {isa = PBXBuildFile; fileRef = E1D19E492546399B00143694 /* LaunchScreen.storyboard */; };
		E1D19E562546399C00143694 /* ProjectWithStoryboardTests.swift in Sources */ = {isa = PBXBuildFile; fileRef = E1D19E552546399C00143694 /* ProjectWithStoryboardTests.swift */; };
		E1D19E612546399C00143694 /* ProjectWithStoryboardUITests.swift in Sources */ = {isa = PBXBuildFile; fileRef = E1D19E602546399C00143694 /* ProjectWithStoryboardUITests.swift */; };
		E1D19E76254642F000143694 /* Course.swift in Sources */ = {isa = PBXBuildFile; fileRef = E1D19E75254642F000143694 /* Course.swift */; };
		E1D19E7F2546560200143694 /* SimpleEventModelView.swift in Sources */ = {isa = PBXBuildFile; fileRef = E1D19E7E2546560100143694 /* SimpleEventModelView.swift */; };
		E1D19E87254677D200143694 /* CombineViewController.swift in Sources */ = {isa = PBXBuildFile; fileRef = E1D19E86254677D200143694 /* CombineViewController.swift */; };
		E1D19E922546BD5B00143694 /* ProjectWithSwiftUIApp.swift in Sources */ = {isa = PBXBuildFile; fileRef = E1D19E912546BD5B00143694 /* ProjectWithSwiftUIApp.swift */; };
		E1D19E942546BD5B00143694 /* ContentView.swift in Sources */ = {isa = PBXBuildFile; fileRef = E1D19E932546BD5B00143694 /* ContentView.swift */; };
		E1D19E962546BD5D00143694 /* Assets.xcassets in Resources */ = {isa = PBXBuildFile; fileRef = E1D19E952546BD5D00143694 /* Assets.xcassets */; };
		E1D19E992546BD5D00143694 /* Preview Assets.xcassets in Resources */ = {isa = PBXBuildFile; fileRef = E1D19E982546BD5D00143694 /* Preview Assets.xcassets */; };
		E1D19EA42546BD5D00143694 /* ProjectWithSwiftUITests.swift in Sources */ = {isa = PBXBuildFile; fileRef = E1D19EA32546BD5D00143694 /* ProjectWithSwiftUITests.swift */; };
		E1D19EAF2546BD5D00143694 /* ProjectWithSwiftUIUITests.swift in Sources */ = {isa = PBXBuildFile; fileRef = E1D19EAE2546BD5D00143694 /* ProjectWithSwiftUIUITests.swift */; };
/* End PBXBuildFile section */

/* Begin PBXContainerItemProxy section */
		E1D19E522546399C00143694 /* PBXContainerItemProxy */ = {
			isa = PBXContainerItemProxy;
			containerPortal = E1D19E332546399A00143694 /* Project object */;
			proxyType = 1;
			remoteGlobalIDString = E1D19E3A2546399A00143694;
			remoteInfo = ProjectWithStoryboard;
		};
		E1D19E5D2546399C00143694 /* PBXContainerItemProxy */ = {
			isa = PBXContainerItemProxy;
			containerPortal = E1D19E332546399A00143694 /* Project object */;
			proxyType = 1;
			remoteGlobalIDString = E1D19E3A2546399A00143694;
			remoteInfo = ProjectWithStoryboard;
		};
		E1D19EA02546BD5D00143694 /* PBXContainerItemProxy */ = {
			isa = PBXContainerItemProxy;
			containerPortal = E1D19E332546399A00143694 /* Project object */;
			proxyType = 1;
			remoteGlobalIDString = E1D19E8E2546BD5B00143694;
			remoteInfo = ProjectWithSwiftUI;
		};
		E1D19EAB2546BD5D00143694 /* PBXContainerItemProxy */ = {
			isa = PBXContainerItemProxy;
			containerPortal = E1D19E332546399A00143694 /* Project object */;
			proxyType = 1;
			remoteGlobalIDString = E1D19E8E2546BD5B00143694;
			remoteInfo = ProjectWithSwiftUI;
		};
/* End PBXContainerItemProxy section */

/* Begin PBXFileReference section */
		E1D19E3B2546399A00143694 /* ProjectWithStoryboard.app */ = {isa = PBXFileReference; explicitFileType = wrapper.application; includeInIndex = 0; path = ProjectWithStoryboard.app; sourceTree = BUILT_PRODUCTS_DIR; };
		E1D19E3E2546399A00143694 /* AppDelegate.swift */ = {isa = PBXFileReference; lastKnownFileType = sourcecode.swift; path = AppDelegate.swift; sourceTree = "<group>"; };
		E1D19E402546399A00143694 /* SceneDelegate.swift */ = {isa = PBXFileReference; lastKnownFileType = sourcecode.swift; path = SceneDelegate.swift; sourceTree = "<group>"; };
		E1D19E422546399A00143694 /* ViewController.swift */ = {isa = PBXFileReference; lastKnownFileType = sourcecode.swift; path = ViewController.swift; sourceTree = "<group>"; };
		E1D19E452546399A00143694 /* Base */ = {isa = PBXFileReference; lastKnownFileType = file.storyboard; name = Base; path = Base.lproj/Main.storyboard; sourceTree = "<group>"; };
		E1D19E472546399B00143694 /* Assets.xcassets */ = {isa = PBXFileReference; lastKnownFileType = folder.assetcatalog; path = Assets.xcassets; sourceTree = "<group>"; };
		E1D19E4A2546399B00143694 /* Base */ = {isa = PBXFileReference; lastKnownFileType = file.storyboard; name = Base; path = Base.lproj/LaunchScreen.storyboard; sourceTree = "<group>"; };
		E1D19E4C2546399B00143694 /* Info.plist */ = {isa = PBXFileReference; lastKnownFileType = text.plist.xml; path = Info.plist; sourceTree = "<group>"; };
		E1D19E512546399B00143694 /* ProjectWithStoryboardTests.xctest */ = {isa = PBXFileReference; explicitFileType = wrapper.cfbundle; includeInIndex = 0; path = ProjectWithStoryboardTests.xctest; sourceTree = BUILT_PRODUCTS_DIR; };
		E1D19E552546399C00143694 /* ProjectWithStoryboardTests.swift */ = {isa = PBXFileReference; lastKnownFileType = sourcecode.swift; path = ProjectWithStoryboardTests.swift; sourceTree = "<group>"; };
		E1D19E572546399C00143694 /* Info.plist */ = {isa = PBXFileReference; lastKnownFileType = text.plist.xml; path = Info.plist; sourceTree = "<group>"; };
		E1D19E5C2546399C00143694 /* ProjectWithStoryboardUITests.xctest */ = {isa = PBXFileReference; explicitFileType = wrapper.cfbundle; includeInIndex = 0; path = ProjectWithStoryboardUITests.xctest; sourceTree = BUILT_PRODUCTS_DIR; };
		E1D19E602546399C00143694 /* ProjectWithStoryboardUITests.swift */ = {isa = PBXFileReference; lastKnownFileType = sourcecode.swift; path = ProjectWithStoryboardUITests.swift; sourceTree = "<group>"; };
		E1D19E622546399C00143694 /* Info.plist */ = {isa = PBXFileReference; lastKnownFileType = text.plist.xml; path = Info.plist; sourceTree = "<group>"; };
		E1D19E75254642F000143694 /* Course.swift */ = {isa = PBXFileReference; lastKnownFileType = sourcecode.swift; path = Course.swift; sourceTree = "<group>"; };
		E1D19E7E2546560100143694 /* SimpleEventModelView.swift */ = {isa = PBXFileReference; lastKnownFileType = sourcecode.swift; path = SimpleEventModelView.swift; sourceTree = "<group>"; };
		E1D19E86254677D200143694 /* CombineViewController.swift */ = {isa = PBXFileReference; lastKnownFileType = sourcecode.swift; path = CombineViewController.swift; sourceTree = "<group>"; };
		E1D19E8F2546BD5B00143694 /* ProjectWithSwiftUI.app */ = {isa = PBXFileReference; explicitFileType = wrapper.application; includeInIndex = 0; path = ProjectWithSwiftUI.app; sourceTree = BUILT_PRODUCTS_DIR; };
		E1D19E912546BD5B00143694 /* ProjectWithSwiftUIApp.swift */ = {isa = PBXFileReference; lastKnownFileType = sourcecode.swift; path = ProjectWithSwiftUIApp.swift; sourceTree = "<group>"; };
		E1D19E932546BD5B00143694 /* ContentView.swift */ = {isa = PBXFileReference; lastKnownFileType = sourcecode.swift; path = ContentView.swift; sourceTree = "<group>"; };
		E1D19E952546BD5D00143694 /* Assets.xcassets */ = {isa = PBXFileReference; lastKnownFileType = folder.assetcatalog; path = Assets.xcassets; sourceTree = "<group>"; };
		E1D19E982546BD5D00143694 /* Preview Assets.xcassets */ = {isa = PBXFileReference; lastKnownFileType = folder.assetcatalog; path = "Preview Assets.xcassets"; sourceTree = "<group>"; };
		E1D19E9A2546BD5D00143694 /* Info.plist */ = {isa = PBXFileReference; lastKnownFileType = text.plist.xml; path = Info.plist; sourceTree = "<group>"; };
		E1D19E9F2546BD5D00143694 /* ProjectWithSwiftUITests.xctest */ = {isa = PBXFileReference; explicitFileType = wrapper.cfbundle; includeInIndex = 0; path = ProjectWithSwiftUITests.xctest; sourceTree = BUILT_PRODUCTS_DIR; };
		E1D19EA32546BD5D00143694 /* ProjectWithSwiftUITests.swift */ = {isa = PBXFileReference; lastKnownFileType = sourcecode.swift; path = ProjectWithSwiftUITests.swift; sourceTree = "<group>"; };
		E1D19EA52546BD5D00143694 /* Info.plist */ = {isa = PBXFileReference; lastKnownFileType = text.plist.xml; path = Info.plist; sourceTree = "<group>"; };
		E1D19EAA2546BD5D00143694 /* ProjectWithSwiftUIUITests.xctest */ = {isa = PBXFileReference; explicitFileType = wrapper.cfbundle; includeInIndex = 0; path = ProjectWithSwiftUIUITests.xctest; sourceTree = BUILT_PRODUCTS_DIR; };
		E1D19EAE2546BD5D00143694 /* ProjectWithSwiftUIUITests.swift */ = {isa = PBXFileReference; lastKnownFileType = sourcecode.swift; path = ProjectWithSwiftUIUITests.swift; sourceTree = "<group>"; };
		E1D19EB02546BD5D00143694 /* Info.plist */ = {isa = PBXFileReference; lastKnownFileType = text.plist.xml; path = Info.plist; sourceTree = "<group>"; };
/* End PBXFileReference section */

/* Begin PBXFrameworksBuildPhase section */
		E1D19E382546399A00143694 /* Frameworks */ = {
			isa = PBXFrameworksBuildPhase;
			buildActionMask = 2147483647;
			files = (
			);
			runOnlyForDeploymentPostprocessing = 0;
		};
		E1D19E4E2546399B00143694 /* Frameworks */ = {
			isa = PBXFrameworksBuildPhase;
			buildActionMask = 2147483647;
			files = (
			);
			runOnlyForDeploymentPostprocessing = 0;
		};
		E1D19E592546399C00143694 /* Frameworks */ = {
			isa = PBXFrameworksBuildPhase;
			buildActionMask = 2147483647;
			files = (
			);
			runOnlyForDeploymentPostprocessing = 0;
		};
		E1D19E8C2546BD5B00143694 /* Frameworks */ = {
			isa = PBXFrameworksBuildPhase;
			buildActionMask = 2147483647;
			files = (
			);
			runOnlyForDeploymentPostprocessing = 0;
		};
		E1D19E9C2546BD5D00143694 /* Frameworks */ = {
			isa = PBXFrameworksBuildPhase;
			buildActionMask = 2147483647;
			files = (
			);
			runOnlyForDeploymentPostprocessing = 0;
		};
		E1D19EA72546BD5D00143694 /* Frameworks */ = {
			isa = PBXFrameworksBuildPhase;
			buildActionMask = 2147483647;
			files = (
			);
			runOnlyForDeploymentPostprocessing = 0;
		};
/* End PBXFrameworksBuildPhase section */

/* Begin PBXGroup section */
		E1D19E322546399A00143694 = {
			isa = PBXGroup;
			children = (
				E1D19E74254642BE00143694 /* Model */,
				E1D19E3D2546399A00143694 /* ProjectWithStoryboard */,
				E1D19E542546399C00143694 /* ProjectWithStoryboardTests */,
				E1D19E5F2546399C00143694 /* ProjectWithStoryboardUITests */,
				E1D19E902546BD5B00143694 /* ProjectWithSwiftUI */,
				E1D19EA22546BD5D00143694 /* ProjectWithSwiftUITests */,
				E1D19EAD2546BD5D00143694 /* ProjectWithSwiftUIUITests */,
				E1D19E3C2546399A00143694 /* Products */,
			);
			sourceTree = "<group>";
		};
		E1D19E3C2546399A00143694 /* Products */ = {
			isa = PBXGroup;
			children = (
				E1D19E3B2546399A00143694 /* ProjectWithStoryboard.app */,
				E1D19E512546399B00143694 /* ProjectWithStoryboardTests.xctest */,
				E1D19E5C2546399C00143694 /* ProjectWithStoryboardUITests.xctest */,
				E1D19E8F2546BD5B00143694 /* ProjectWithSwiftUI.app */,
				E1D19E9F2546BD5D00143694 /* ProjectWithSwiftUITests.xctest */,
				E1D19EAA2546BD5D00143694 /* ProjectWithSwiftUIUITests.xctest */,
			);
			name = Products;
			sourceTree = "<group>";
		};
		E1D19E3D2546399A00143694 /* ProjectWithStoryboard */ = {
			isa = PBXGroup;
			children = (
				E1D19E7D254655DC00143694 /* ModelView */,
				E1D19E3E2546399A00143694 /* AppDelegate.swift */,
				E1D19E402546399A00143694 /* SceneDelegate.swift */,
				E1D19E422546399A00143694 /* ViewController.swift */,
				E1D19E86254677D200143694 /* CombineViewController.swift */,
				E1D19E442546399A00143694 /* Main.storyboard */,
				E1D19E472546399B00143694 /* Assets.xcassets */,
				E1D19E492546399B00143694 /* LaunchScreen.storyboard */,
				E1D19E4C2546399B00143694 /* Info.plist */,
			);
			path = ProjectWithStoryboard;
			sourceTree = "<group>";
		};
		E1D19E542546399C00143694 /* ProjectWithStoryboardTests */ = {
			isa = PBXGroup;
			children = (
				E1D19E552546399C00143694 /* ProjectWithStoryboardTests.swift */,
				E1D19E572546399C00143694 /* Info.plist */,
			);
			path = ProjectWithStoryboardTests;
			sourceTree = "<group>";
		};
		E1D19E5F2546399C00143694 /* ProjectWithStoryboardUITests */ = {
			isa = PBXGroup;
			children = (
				E1D19E602546399C00143694 /* ProjectWithStoryboardUITests.swift */,
				E1D19E622546399C00143694 /* Info.plist */,
			);
			path = ProjectWithStoryboardUITests;
			sourceTree = "<group>";
		};
		E1D19E74254642BE00143694 /* Model */ = {
			isa = PBXGroup;
			children = (
				E1D19E75254642F000143694 /* Course.swift */,
			);
			path = Model;
			sourceTree = "<group>";
		};
		E1D19E7D254655DC00143694 /* ModelView */ = {
			isa = PBXGroup;
			children = (
				E1D19E7E2546560100143694 /* SimpleEventModelView.swift */,
			);
			path = ModelView;
			sourceTree = "<group>";
		};
		E1D19E902546BD5B00143694 /* ProjectWithSwiftUI */ = {
			isa = PBXGroup;
			children = (
				E1D19E912546BD5B00143694 /* ProjectWithSwiftUIApp.swift */,
				E1D19E932546BD5B00143694 /* ContentView.swift */,
				E1D19E952546BD5D00143694 /* Assets.xcassets */,
				E1D19E9A2546BD5D00143694 /* Info.plist */,
				E1D19E972546BD5D00143694 /* Preview Content */,
			);
			path = ProjectWithSwiftUI;
			sourceTree = "<group>";
		};
		E1D19E972546BD5D00143694 /* Preview Content */ = {
			isa = PBXGroup;
			children = (
				E1D19E982546BD5D00143694 /* Preview Assets.xcassets */,
			);
			path = "Preview Content";
			sourceTree = "<group>";
		};
		E1D19EA22546BD5D00143694 /* ProjectWithSwiftUITests */ = {
			isa = PBXGroup;
			children = (
				E1D19EA32546BD5D00143694 /* ProjectWithSwiftUITests.swift */,
				E1D19EA52546BD5D00143694 /* Info.plist */,
			);
			path = ProjectWithSwiftUITests;
			sourceTree = "<group>";
		};
		E1D19EAD2546BD5D00143694 /* ProjectWithSwiftUIUITests */ = {
			isa = PBXGroup;
			children = (
				E1D19EAE2546BD5D00143694 /* ProjectWithSwiftUIUITests.swift */,
				E1D19EB02546BD5D00143694 /* Info.plist */,
			);
			path = ProjectWithSwiftUIUITests;
			sourceTree = "<group>";
		};
/* End PBXGroup section */

/* Begin PBXNativeTarget section */
		E1D19E3A2546399A00143694 /* ProjectWithStoryboard */ = {
			isa = PBXNativeTarget;
			buildConfigurationList = E1D19E652546399C00143694 /* Build configuration list for PBXNativeTarget "ProjectWithStoryboard" */;
			buildPhases = (
				E1D19E372546399A00143694 /* Sources */,
				E1D19E382546399A00143694 /* Frameworks */,
				E1D19E392546399A00143694 /* Resources */,
			);
			buildRules = (
			);
			dependencies = (
			);
			name = ProjectWithStoryboard;
			productName = ProjectWithStoryboard;
			productReference = E1D19E3B2546399A00143694 /* ProjectWithStoryboard.app */;
			productType = "com.apple.product-type.application";
		};
		E1D19E502546399B00143694 /* ProjectWithStoryboardTests */ = {
			isa = PBXNativeTarget;
			buildConfigurationList = E1D19E682546399C00143694 /* Build configuration list for PBXNativeTarget "ProjectWithStoryboardTests" */;
			buildPhases = (
				E1D19E4D2546399B00143694 /* Sources */,
				E1D19E4E2546399B00143694 /* Frameworks */,
				E1D19E4F2546399B00143694 /* Resources */,
			);
			buildRules = (
			);
			dependencies = (
				E1D19E532546399C00143694 /* PBXTargetDependency */,
			);
			name = ProjectWithStoryboardTests;
			productName = ProjectWithStoryboardTests;
			productReference = E1D19E512546399B00143694 /* ProjectWithStoryboardTests.xctest */;
			productType = "com.apple.product-type.bundle.unit-test";
		};
		E1D19E5B2546399C00143694 /* ProjectWithStoryboardUITests */ = {
			isa = PBXNativeTarget;
			buildConfigurationList = E1D19E6B2546399C00143694 /* Build configuration list for PBXNativeTarget "ProjectWithStoryboardUITests" */;
			buildPhases = (
				E1D19E582546399C00143694 /* Sources */,
				E1D19E592546399C00143694 /* Frameworks */,
				E1D19E5A2546399C00143694 /* Resources */,
			);
			buildRules = (
			);
			dependencies = (
				E1D19E5E2546399C00143694 /* PBXTargetDependency */,
			);
			name = ProjectWithStoryboardUITests;
			productName = ProjectWithStoryboardUITests;
			productReference = E1D19E5C2546399C00143694 /* ProjectWithStoryboardUITests.xctest */;
			productType = "com.apple.product-type.bundle.ui-testing";
		};
		E1D19E8E2546BD5B00143694 /* ProjectWithSwiftUI */ = {
			isa = PBXNativeTarget;
			buildConfigurationList = E1D19EB12546BD5D00143694 /* Build configuration list for PBXNativeTarget "ProjectWithSwiftUI" */;
			buildPhases = (
				E1D19E8B2546BD5B00143694 /* Sources */,
				E1D19E8C2546BD5B00143694 /* Frameworks */,
				E1D19E8D2546BD5B00143694 /* Resources */,
			);
			buildRules = (
			);
			dependencies = (
			);
			name = ProjectWithSwiftUI;
			productName = ProjectWithSwiftUI;
			productReference = E1D19E8F2546BD5B00143694 /* ProjectWithSwiftUI.app */;
			productType = "com.apple.product-type.application";
		};
		E1D19E9E2546BD5D00143694 /* ProjectWithSwiftUITests */ = {
			isa = PBXNativeTarget;
			buildConfigurationList = E1D19EB42546BD5D00143694 /* Build configuration list for PBXNativeTarget "ProjectWithSwiftUITests" */;
			buildPhases = (
				E1D19E9B2546BD5D00143694 /* Sources */,
				E1D19E9C2546BD5D00143694 /* Frameworks */,
				E1D19E9D2546BD5D00143694 /* Resources */,
			);
			buildRules = (
			);
			dependencies = (
				E1D19EA12546BD5D00143694 /* PBXTargetDependency */,
			);
			name = ProjectWithSwiftUITests;
			productName = ProjectWithSwiftUITests;
			productReference = E1D19E9F2546BD5D00143694 /* ProjectWithSwiftUITests.xctest */;
			productType = "com.apple.product-type.bundle.unit-test";
		};
		E1D19EA92546BD5D00143694 /* ProjectWithSwiftUIUITests */ = {
			isa = PBXNativeTarget;
			buildConfigurationList = E1D19EB72546BD5D00143694 /* Build configuration list for PBXNativeTarget "ProjectWithSwiftUIUITests" */;
			buildPhases = (
				E1D19EA62546BD5D00143694 /* Sources */,
				E1D19EA72546BD5D00143694 /* Frameworks */,
				E1D19EA82546BD5D00143694 /* Resources */,
			);
			buildRules = (
			);
			dependencies = (
				E1D19EAC2546BD5D00143694 /* PBXTargetDependency */,
			);
			name = ProjectWithSwiftUIUITests;
			productName = ProjectWithSwiftUIUITests;
			productReference = E1D19EAA2546BD5D00143694 /* ProjectWithSwiftUIUITests.xctest */;
			productType = "com.apple.product-type.bundle.ui-testing";
		};
/* End PBXNativeTarget section */

/* Begin PBXProject section */
		E1D19E332546399A00143694 /* Project object */ = {
			isa = PBXProject;
			attributes = {
				LastSwiftUpdateCheck = 1210;
				LastUpgradeCheck = 1210;
				TargetAttributes = {
					E1D19E3A2546399A00143694 = {
						CreatedOnToolsVersion = 12.1;
					};
					E1D19E502546399B00143694 = {
						CreatedOnToolsVersion = 12.1;
						TestTargetID = E1D19E3A2546399A00143694;
					};
					E1D19E5B2546399C00143694 = {
						CreatedOnToolsVersion = 12.1;
						TestTargetID = E1D19E3A2546399A00143694;
					};
					E1D19E8E2546BD5B00143694 = {
						CreatedOnToolsVersion = 12.1;
					};
					E1D19E9E2546BD5D00143694 = {
						CreatedOnToolsVersion = 12.1;
						TestTargetID = E1D19E8E2546BD5B00143694;
					};
					E1D19EA92546BD5D00143694 = {
						CreatedOnToolsVersion = 12.1;
						TestTargetID = E1D19E8E2546BD5B00143694;
					};
				};
			};
			buildConfigurationList = E1D19E362546399A00143694 /* Build configuration list for PBXProject "StoryboardVsSwiftUI" */;
			compatibilityVersion = "Xcode 9.3";
			developmentRegion = en;
			hasScannedForEncodings = 0;
			knownRegions = (
				en,
				Base,
			);
			mainGroup = E1D19E322546399A00143694;
			productRefGroup = E1D19E3C2546399A00143694 /* Products */;
			projectDirPath = "";
			projectRoot = "";
			targets = (
				E1D19E3A2546399A00143694 /* ProjectWithStoryboard */,
				E1D19E502546399B00143694 /* ProjectWithStoryboardTests */,
				E1D19E5B2546399C00143694 /* ProjectWithStoryboardUITests */,
				E1D19E8E2546BD5B00143694 /* ProjectWithSwiftUI */,
				E1D19E9E2546BD5D00143694 /* ProjectWithSwiftUITests */,
				E1D19EA92546BD5D00143694 /* ProjectWithSwiftUIUITests */,
			);
		};
/* End PBXProject section */

/* Begin PBXResourcesBuildPhase section */
		E1D19E392546399A00143694 /* Resources */ = {
			isa = PBXResourcesBuildPhase;
			buildActionMask = 2147483647;
			files = (
				E1D19E4B2546399B00143694 /* LaunchScreen.storyboard in Resources */,
				E1D19E482546399B00143694 /* Assets.xcassets in Resources */,
				E1D19E462546399A00143694 /* Main.storyboard in Resources */,
			);
			runOnlyForDeploymentPostprocessing = 0;
		};
		E1D19E4F2546399B00143694 /* Resources */ = {
			isa = PBXResourcesBuildPhase;
			buildActionMask = 2147483647;
			files = (
			);
			runOnlyForDeploymentPostprocessing = 0;
		};
		E1D19E5A2546399C00143694 /* Resources */ = {
			isa = PBXResourcesBuildPhase;
			buildActionMask = 2147483647;
			files = (
			);
			runOnlyForDeploymentPostprocessing = 0;
		};
		E1D19E8D2546BD5B00143694 /* Resources */ = {
			isa = PBXResourcesBuildPhase;
			buildActionMask = 2147483647;
			files = (
				E1D19E992546BD5D00143694 /* Preview Assets.xcassets in Resources */,
				E1D19E962546BD5D00143694 /* Assets.xcassets in Resources */,
			);
			runOnlyForDeploymentPostprocessing = 0;
		};
		E1D19E9D2546BD5D00143694 /* Resources */ = {
			isa = PBXResourcesBuildPhase;
			buildActionMask = 2147483647;
			files = (
			);
			runOnlyForDeploymentPostprocessing = 0;
		};
		E1D19EA82546BD5D00143694 /* Resources */ = {
			isa = PBXResourcesBuildPhase;
			buildActionMask = 2147483647;
			files = (
			);
			runOnlyForDeploymentPostprocessing = 0;
		};
/* End PBXResourcesBuildPhase section */

/* Begin PBXSourcesBuildPhase section */
		E1D19E372546399A00143694 /* Sources */ = {
			isa = PBXSourcesBuildPhase;
			buildActionMask = 2147483647;
			files = (
				E1D19E76254642F000143694 /* Course.swift in Sources */,
				E1D19E432546399A00143694 /* ViewController.swift in Sources */,
				E1D19E3F2546399A00143694 /* AppDelegate.swift in Sources */,
				E1D19E7F2546560200143694 /* SimpleEventModelView.swift in Sources */,
				E1D19E87254677D200143694 /* CombineViewController.swift in Sources */,
				E1D19E412546399A00143694 /* SceneDelegate.swift in Sources */,
			);
			runOnlyForDeploymentPostprocessing = 0;
		};
		E1D19E4D2546399B00143694 /* Sources */ = {
			isa = PBXSourcesBuildPhase;
			buildActionMask = 2147483647;
			files = (
				E1D19E562546399C00143694 /* ProjectWithStoryboardTests.swift in Sources */,
			);
			runOnlyForDeploymentPostprocessing = 0;
		};
		E1D19E582546399C00143694 /* Sources */ = {
			isa = PBXSourcesBuildPhase;
			buildActionMask = 2147483647;
			files = (
				E1D19E612546399C00143694 /* ProjectWithStoryboardUITests.swift in Sources */,
			);
			runOnlyForDeploymentPostprocessing = 0;
		};
		E1D19E8B2546BD5B00143694 /* Sources */ = {
			isa = PBXSourcesBuildPhase;
			buildActionMask = 2147483647;
			files = (
				E1D19E942546BD5B00143694 /* ContentView.swift in Sources */,
				E1D19E922546BD5B00143694 /* ProjectWithSwiftUIApp.swift in Sources */,
			);
			runOnlyForDeploymentPostprocessing = 0;
		};
		E1D19E9B2546BD5D00143694 /* Sources */ = {
			isa = PBXSourcesBuildPhase;
			buildActionMask = 2147483647;
			files = (
				E1D19EA42546BD5D00143694 /* ProjectWithSwiftUITests.swift in Sources */,
			);
			runOnlyForDeploymentPostprocessing = 0;
		};
		E1D19EA62546BD5D00143694 /* Sources */ = {
			isa = PBXSourcesBuildPhase;
			buildActionMask = 2147483647;
			files = (
				E1D19EAF2546BD5D00143694 /* ProjectWithSwiftUIUITests.swift in Sources */,
			);
			runOnlyForDeploymentPostprocessing = 0;
		};
/* End PBXSourcesBuildPhase section */

/* Begin PBXTargetDependency section */
		E1D19E532546399C00143694 /* PBXTargetDependency */ = {
			isa = PBXTargetDependency;
			target = E1D19E3A2546399A00143694 /* ProjectWithStoryboard */;
			targetProxy = E1D19E522546399C00143694 /* PBXContainerItemProxy */;
		};
		E1D19E5E2546399C00143694 /* PBXTargetDependency */ = {
			isa = PBXTargetDependency;
			target = E1D19E3A2546399A00143694 /* ProjectWithStoryboard */;
			targetProxy = E1D19E5D2546399C00143694 /* PBXContainerItemProxy */;
		};
		E1D19EA12546BD5D00143694 /* PBXTargetDependency */ = {
			isa = PBXTargetDependency;
			target = E1D19E8E2546BD5B00143694 /* ProjectWithSwiftUI */;
			targetProxy = E1D19EA02546BD5D00143694 /* PBXContainerItemProxy */;
		};
		E1D19EAC2546BD5D00143694 /* PBXTargetDependency */ = {
			isa = PBXTargetDependency;
			target = E1D19E8E2546BD5B00143694 /* ProjectWithSwiftUI */;
			targetProxy = E1D19EAB2546BD5D00143694 /* PBXContainerItemProxy */;
		};
/* End PBXTargetDependency section */

/* Begin PBXVariantGroup section */
		E1D19E442546399A00143694 /* Main.storyboard */ = {
			isa = PBXVariantGroup;
			children = (
				E1D19E452546399A00143694 /* Base */,
			);
			name = Main.storyboard;
			sourceTree = "<group>";
		};
		E1D19E492546399B00143694 /* LaunchScreen.storyboard */ = {
			isa = PBXVariantGroup;
			children = (
				E1D19E4A2546399B00143694 /* Base */,
			);
			name = LaunchScreen.storyboard;
			sourceTree = "<group>";
		};
/* End PBXVariantGroup section */

/* Begin XCBuildConfiguration section */
		E1D19E632546399C00143694 /* Debug */ = {
			isa = XCBuildConfiguration;
			buildSettings = {
				ALWAYS_SEARCH_USER_PATHS = NO;
				CLANG_ANALYZER_NONNULL = YES;
				CLANG_ANALYZER_NUMBER_OBJECT_CONVERSION = YES_AGGRESSIVE;
				CLANG_CXX_LANGUAGE_STANDARD = "gnu++14";
				CLANG_CXX_LIBRARY = "libc++";
				CLANG_ENABLE_MODULES = YES;
				CLANG_ENABLE_OBJC_ARC = YES;
				CLANG_ENABLE_OBJC_WEAK = YES;
				CLANG_WARN_BLOCK_CAPTURE_AUTORELEASING = YES;
				CLANG_WARN_BOOL_CONVERSION = YES;
				CLANG_WARN_COMMA = YES;
				CLANG_WARN_CONSTANT_CONVERSION = YES;
				CLANG_WARN_DEPRECATED_OBJC_IMPLEMENTATIONS = YES;
				CLANG_WARN_DIRECT_OBJC_ISA_USAGE = YES_ERROR;
				CLANG_WARN_DOCUMENTATION_COMMENTS = YES;
				CLANG_WARN_EMPTY_BODY = YES;
				CLANG_WARN_ENUM_CONVERSION = YES;
				CLANG_WARN_INFINITE_RECURSION = YES;
				CLANG_WARN_INT_CONVERSION = YES;
				CLANG_WARN_NON_LITERAL_NULL_CONVERSION = YES;
				CLANG_WARN_OBJC_IMPLICIT_RETAIN_SELF = YES;
				CLANG_WARN_OBJC_LITERAL_CONVERSION = YES;
				CLANG_WARN_OBJC_ROOT_CLASS = YES_ERROR;
				CLANG_WARN_QUOTED_INCLUDE_IN_FRAMEWORK_HEADER = YES;
				CLANG_WARN_RANGE_LOOP_ANALYSIS = YES;
				CLANG_WARN_STRICT_PROTOTYPES = YES;
				CLANG_WARN_SUSPICIOUS_MOVE = YES;
				CLANG_WARN_UNGUARDED_AVAILABILITY = YES_AGGRESSIVE;
				CLANG_WARN_UNREACHABLE_CODE = YES;
				CLANG_WARN__DUPLICATE_METHOD_MATCH = YES;
				COPY_PHASE_STRIP = NO;
				DEBUG_INFORMATION_FORMAT = dwarf;
				ENABLE_STRICT_OBJC_MSGSEND = YES;
				ENABLE_TESTABILITY = YES;
				GCC_C_LANGUAGE_STANDARD = gnu11;
				GCC_DYNAMIC_NO_PIC = NO;
				GCC_NO_COMMON_BLOCKS = YES;
				GCC_OPTIMIZATION_LEVEL = 0;
				GCC_PREPROCESSOR_DEFINITIONS = (
					"DEBUG=1",
					"$(inherited)",
				);
				GCC_WARN_64_TO_32_BIT_CONVERSION = YES;
				GCC_WARN_ABOUT_RETURN_TYPE = YES_ERROR;
				GCC_WARN_UNDECLARED_SELECTOR = YES;
				GCC_WARN_UNINITIALIZED_AUTOS = YES_AGGRESSIVE;
				GCC_WARN_UNUSED_FUNCTION = YES;
				GCC_WARN_UNUSED_VARIABLE = YES;
				IPHONEOS_DEPLOYMENT_TARGET = 14.1;
				MTL_ENABLE_DEBUG_INFO = INCLUDE_SOURCE;
				MTL_FAST_MATH = YES;
				ONLY_ACTIVE_ARCH = YES;
				SDKROOT = iphoneos;
				SWIFT_ACTIVE_COMPILATION_CONDITIONS = DEBUG;
				SWIFT_OPTIMIZATION_LEVEL = "-Onone";
			};
			name = Debug;
		};
		E1D19E642546399C00143694 /* Release */ = {
			isa = XCBuildConfiguration;
			buildSettings = {
				ALWAYS_SEARCH_USER_PATHS = NO;
				CLANG_ANALYZER_NONNULL = YES;
				CLANG_ANALYZER_NUMBER_OBJECT_CONVERSION = YES_AGGRESSIVE;
				CLANG_CXX_LANGUAGE_STANDARD = "gnu++14";
				CLANG_CXX_LIBRARY = "libc++";
				CLANG_ENABLE_MODULES = YES;
				CLANG_ENABLE_OBJC_ARC = YES;
				CLANG_ENABLE_OBJC_WEAK = YES;
				CLANG_WARN_BLOCK_CAPTURE_AUTORELEASING = YES;
				CLANG_WARN_BOOL_CONVERSION = YES;
				CLANG_WARN_COMMA = YES;
				CLANG_WARN_CONSTANT_CONVERSION = YES;
				CLANG_WARN_DEPRECATED_OBJC_IMPLEMENTATIONS = YES;
				CLANG_WARN_DIRECT_OBJC_ISA_USAGE = YES_ERROR;
				CLANG_WARN_DOCUMENTATION_COMMENTS = YES;
				CLANG_WARN_EMPTY_BODY = YES;
				CLANG_WARN_ENUM_CONVERSION = YES;
				CLANG_WARN_INFINITE_RECURSION = YES;
				CLANG_WARN_INT_CONVERSION = YES;
				CLANG_WARN_NON_LITERAL_NULL_CONVERSION = YES;
				CLANG_WARN_OBJC_IMPLICIT_RETAIN_SELF = YES;
				CLANG_WARN_OBJC_LITERAL_CONVERSION = YES;
				CLANG_WARN_OBJC_ROOT_CLASS = YES_ERROR;
				CLANG_WARN_QUOTED_INCLUDE_IN_FRAMEWORK_HEADER = YES;
				CLANG_WARN_RANGE_LOOP_ANALYSIS = YES;
				CLANG_WARN_STRICT_PROTOTYPES = YES;
				CLANG_WARN_SUSPICIOUS_MOVE = YES;
				CLANG_WARN_UNGUARDED_AVAILABILITY = YES_AGGRESSIVE;
				CLANG_WARN_UNREACHABLE_CODE = YES;
				CLANG_WARN__DUPLICATE_METHOD_MATCH = YES;
				COPY_PHASE_STRIP = NO;
				DEBUG_INFORMATION_FORMAT = "dwarf-with-dsym";
				ENABLE_NS_ASSERTIONS = NO;
				ENABLE_STRICT_OBJC_MSGSEND = YES;
				GCC_C_LANGUAGE_STANDARD = gnu11;
				GCC_NO_COMMON_BLOCKS = YES;
				GCC_WARN_64_TO_32_BIT_CONVERSION = YES;
				GCC_WARN_ABOUT_RETURN_TYPE = YES_ERROR;
				GCC_WARN_UNDECLARED_SELECTOR = YES;
				GCC_WARN_UNINITIALIZED_AUTOS = YES_AGGRESSIVE;
				GCC_WARN_UNUSED_FUNCTION = YES;
				GCC_WARN_UNUSED_VARIABLE = YES;
				IPHONEOS_DEPLOYMENT_TARGET = 14.1;
				MTL_ENABLE_DEBUG_INFO = NO;
				MTL_FAST_MATH = YES;
				SDKROOT = iphoneos;
				SWIFT_COMPILATION_MODE = wholemodule;
				SWIFT_OPTIMIZATION_LEVEL = "-O";
				VALIDATE_PRODUCT = YES;
			};
			name = Release;
		};
		E1D19E662546399C00143694 /* Debug */ = {
			isa = XCBuildConfiguration;
			buildSettings = {
				ASSETCATALOG_COMPILER_APPICON_NAME = AppIcon;
				ASSETCATALOG_COMPILER_GLOBAL_ACCENT_COLOR_NAME = AccentColor;
				CODE_SIGN_STYLE = Automatic;
				DEVELOPMENT_TEAM = J2XTUC49NR;
				INFOPLIST_FILE = ProjectWithStoryboard/Info.plist;
				LD_RUNPATH_SEARCH_PATHS = (
					"$(inherited)",
					"@executable_path/Frameworks",
				);
				PRODUCT_BUNDLE_IDENTIFIER = "com.ace-authors.ProjectWithStoryboard";
				PRODUCT_NAME = "$(TARGET_NAME)";
				SWIFT_VERSION = 5.0;
				TARGETED_DEVICE_FAMILY = "1,2";
			};
			name = Debug;
		};
		E1D19E672546399C00143694 /* Release */ = {
			isa = XCBuildConfiguration;
			buildSettings = {
				ASSETCATALOG_COMPILER_APPICON_NAME = AppIcon;
				ASSETCATALOG_COMPILER_GLOBAL_ACCENT_COLOR_NAME = AccentColor;
				CODE_SIGN_STYLE = Automatic;
				DEVELOPMENT_TEAM = J2XTUC49NR;
				INFOPLIST_FILE = ProjectWithStoryboard/Info.plist;
				LD_RUNPATH_SEARCH_PATHS = (
					"$(inherited)",
					"@executable_path/Frameworks",
				);
				PRODUCT_BUNDLE_IDENTIFIER = "com.ace-authors.ProjectWithStoryboard";
				PRODUCT_NAME = "$(TARGET_NAME)";
				SWIFT_VERSION = 5.0;
				TARGETED_DEVICE_FAMILY = "1,2";
			};
			name = Release;
		};
		E1D19E692546399C00143694 /* Debug */ = {
			isa = XCBuildConfiguration;
			buildSettings = {
				ALWAYS_EMBED_SWIFT_STANDARD_LIBRARIES = YES;
				BUNDLE_LOADER = "$(TEST_HOST)";
				CODE_SIGN_STYLE = Automatic;
				DEVELOPMENT_TEAM = J2XTUC49NR;
				INFOPLIST_FILE = ProjectWithStoryboardTests/Info.plist;
				IPHONEOS_DEPLOYMENT_TARGET = 14.1;
				LD_RUNPATH_SEARCH_PATHS = (
					"$(inherited)",
					"@executable_path/Frameworks",
					"@loader_path/Frameworks",
				);
				PRODUCT_BUNDLE_IDENTIFIER = "com.ace-authors.ProjectWithStoryboardTests";
				PRODUCT_NAME = "$(TARGET_NAME)";
				SWIFT_VERSION = 5.0;
				TARGETED_DEVICE_FAMILY = "1,2";
				TEST_HOST = "$(BUILT_PRODUCTS_DIR)/StoryboardVsSwiftUI.app/StoryboardVsSwiftUI";
			};
			name = Debug;
		};
		E1D19E6A2546399C00143694 /* Release */ = {
			isa = XCBuildConfiguration;
			buildSettings = {
				ALWAYS_EMBED_SWIFT_STANDARD_LIBRARIES = YES;
				BUNDLE_LOADER = "$(TEST_HOST)";
				CODE_SIGN_STYLE = Automatic;
				DEVELOPMENT_TEAM = J2XTUC49NR;
				INFOPLIST_FILE = ProjectWithStoryboardTests/Info.plist;
				IPHONEOS_DEPLOYMENT_TARGET = 14.1;
				LD_RUNPATH_SEARCH_PATHS = (
					"$(inherited)",
					"@executable_path/Frameworks",
					"@loader_path/Frameworks",
				);
				PRODUCT_BUNDLE_IDENTIFIER = "com.ace-authors.ProjectWithStoryboardTests";
				PRODUCT_NAME = "$(TARGET_NAME)";
				SWIFT_VERSION = 5.0;
				TARGETED_DEVICE_FAMILY = "1,2";
				TEST_HOST = "$(BUILT_PRODUCTS_DIR)/StoryboardVsSwiftUI.app/StoryboardVsSwiftUI";
			};
			name = Release;
		};
		E1D19E6C2546399C00143694 /* Debug */ = {
			isa = XCBuildConfiguration;
			buildSettings = {
				ALWAYS_EMBED_SWIFT_STANDARD_LIBRARIES = YES;
				CODE_SIGN_STYLE = Automatic;
				DEVELOPMENT_TEAM = J2XTUC49NR;
				INFOPLIST_FILE = ProjectWithStoryboardUITests/Info.plist;
				LD_RUNPATH_SEARCH_PATHS = (
					"$(inherited)",
					"@executable_path/Frameworks",
					"@loader_path/Frameworks",
				);
				PRODUCT_BUNDLE_IDENTIFIER = "com.ace-authors.ProjectWithStoryboardUITests";
				PRODUCT_NAME = "$(TARGET_NAME)";
				SWIFT_VERSION = 5.0;
				TARGETED_DEVICE_FAMILY = "1,2";
				TEST_TARGET_NAME = ProjectWithStoryboard;
			};
			name = Debug;
		};
		E1D19E6D2546399C00143694 /* Release */ = {
			isa = XCBuildConfiguration;
			buildSettings = {
				ALWAYS_EMBED_SWIFT_STANDARD_LIBRARIES = YES;
				CODE_SIGN_STYLE = Automatic;
				DEVELOPMENT_TEAM = J2XTUC49NR;
				INFOPLIST_FILE = ProjectWithStoryboardUITests/Info.plist;
				LD_RUNPATH_SEARCH_PATHS = (
					"$(inherited)",
					"@executable_path/Frameworks",
					"@loader_path/Frameworks",
				);
				PRODUCT_BUNDLE_IDENTIFIER = "com.ace-authors.ProjectWithStoryboardUITests";
				PRODUCT_NAME = "$(TARGET_NAME)";
				SWIFT_VERSION = 5.0;
				TARGETED_DEVICE_FAMILY = "1,2";
				TEST_TARGET_NAME = ProjectWithStoryboard;
			};
			name = Release;
		};
		E1D19EB22546BD5D00143694 /* Debug */ = {
			isa = XCBuildConfiguration;
			buildSettings = {
				ASSETCATALOG_COMPILER_APPICON_NAME = AppIcon;
				ASSETCATALOG_COMPILER_GLOBAL_ACCENT_COLOR_NAME = AccentColor;
				CODE_SIGN_STYLE = Automatic;
				DEVELOPMENT_ASSET_PATHS = "\"ProjectWithSwiftUI/Preview Content\"";
				DEVELOPMENT_TEAM = J2XTUC49NR;
				ENABLE_PREVIEWS = YES;
				INFOPLIST_FILE = ProjectWithSwiftUI/Info.plist;
				IPHONEOS_DEPLOYMENT_TARGET = 14.0;
				LD_RUNPATH_SEARCH_PATHS = (
					"$(inherited)",
					"@executable_path/Frameworks",
				);
				PRODUCT_BUNDLE_IDENTIFIER = "com.ace-authors.ProjectWithSwiftUI";
				PRODUCT_NAME = "$(TARGET_NAME)";
				SWIFT_VERSION = 5.0;
				TARGETED_DEVICE_FAMILY = "1,2";
			};
			name = Debug;
		};
		E1D19EB32546BD5D00143694 /* Release */ = {
			isa = XCBuildConfiguration;
			buildSettings = {
				ASSETCATALOG_COMPILER_APPICON_NAME = AppIcon;
				ASSETCATALOG_COMPILER_GLOBAL_ACCENT_COLOR_NAME = AccentColor;
				CODE_SIGN_STYLE = Automatic;
				DEVELOPMENT_ASSET_PATHS = "\"ProjectWithSwiftUI/Preview Content\"";
				DEVELOPMENT_TEAM = J2XTUC49NR;
				ENABLE_PREVIEWS = YES;
				INFOPLIST_FILE = ProjectWithSwiftUI/Info.plist;
				IPHONEOS_DEPLOYMENT_TARGET = 14.0;
				LD_RUNPATH_SEARCH_PATHS = (
					"$(inherited)",
					"@executable_path/Frameworks",
				);
				PRODUCT_BUNDLE_IDENTIFIER = "com.ace-authors.ProjectWithSwiftUI";
				PRODUCT_NAME = "$(TARGET_NAME)";
				SWIFT_VERSION = 5.0;
				TARGETED_DEVICE_FAMILY = "1,2";
			};
			name = Release;
		};
		E1D19EB52546BD5D00143694 /* Debug */ = {
			isa = XCBuildConfiguration;
			buildSettings = {
				ALWAYS_EMBED_SWIFT_STANDARD_LIBRARIES = YES;
				BUNDLE_LOADER = "$(TEST_HOST)";
				CODE_SIGN_STYLE = Automatic;
				DEVELOPMENT_TEAM = J2XTUC49NR;
				INFOPLIST_FILE = ProjectWithSwiftUITests/Info.plist;
				IPHONEOS_DEPLOYMENT_TARGET = 14.0;
				LD_RUNPATH_SEARCH_PATHS = (
					"$(inherited)",
					"@executable_path/Frameworks",
					"@loader_path/Frameworks",
				);
				PRODUCT_BUNDLE_IDENTIFIER = "com.ace-authors.ProjectWithSwiftUITests";
				PRODUCT_NAME = "$(TARGET_NAME)";
				SWIFT_VERSION = 5.0;
				TARGETED_DEVICE_FAMILY = "1,2";
				TEST_HOST = "$(BUILT_PRODUCTS_DIR)/ProjectWithSwiftUI.app/ProjectWithSwiftUI";
			};
			name = Debug;
		};
		E1D19EB62546BD5D00143694 /* Release */ = {
			isa = XCBuildConfiguration;
			buildSettings = {
				ALWAYS_EMBED_SWIFT_STANDARD_LIBRARIES = YES;
				BUNDLE_LOADER = "$(TEST_HOST)";
				CODE_SIGN_STYLE = Automatic;
				DEVELOPMENT_TEAM = J2XTUC49NR;
				INFOPLIST_FILE = ProjectWithSwiftUITests/Info.plist;
				IPHONEOS_DEPLOYMENT_TARGET = 14.0;
				LD_RUNPATH_SEARCH_PATHS = (
					"$(inherited)",
					"@executable_path/Frameworks",
					"@loader_path/Frameworks",
				);
				PRODUCT_BUNDLE_IDENTIFIER = "com.ace-authors.ProjectWithSwiftUITests";
				PRODUCT_NAME = "$(TARGET_NAME)";
				SWIFT_VERSION = 5.0;
				TARGETED_DEVICE_FAMILY = "1,2";
				TEST_HOST = "$(BUILT_PRODUCTS_DIR)/ProjectWithSwiftUI.app/ProjectWithSwiftUI";
			};
			name = Release;
		};
		E1D19EB82546BD5D00143694 /* Debug */ = {
			isa = XCBuildConfiguration;
			buildSettings = {
				ALWAYS_EMBED_SWIFT_STANDARD_LIBRARIES = YES;
				CODE_SIGN_STYLE = Automatic;
				DEVELOPMENT_TEAM = J2XTUC49NR;
				INFOPLIST_FILE = ProjectWithSwiftUIUITests/Info.plist;
				LD_RUNPATH_SEARCH_PATHS = (
					"$(inherited)",
					"@executable_path/Frameworks",
					"@loader_path/Frameworks",
				);
				PRODUCT_BUNDLE_IDENTIFIER = "com.ace-authors.ProjectWithSwiftUIUITests";
				PRODUCT_NAME = "$(TARGET_NAME)";
				SWIFT_VERSION = 5.0;
				TARGETED_DEVICE_FAMILY = "1,2";
				TEST_TARGET_NAME = ProjectWithSwiftUI;
			};
			name = Debug;
		};
		E1D19EB92546BD5D00143694 /* Release */ = {
			isa = XCBuildConfiguration;
			buildSettings = {
				ALWAYS_EMBED_SWIFT_STANDARD_LIBRARIES = YES;
				CODE_SIGN_STYLE = Automatic;
				DEVELOPMENT_TEAM = J2XTUC49NR;
				INFOPLIST_FILE = ProjectWithSwiftUIUITests/Info.plist;
				LD_RUNPATH_SEARCH_PATHS = (
					"$(inherited)",
					"@executable_path/Frameworks",
					"@loader_path/Frameworks",
				);
				PRODUCT_BUNDLE_IDENTIFIER = "com.ace-authors.ProjectWithSwiftUIUITests";
				PRODUCT_NAME = "$(TARGET_NAME)";
				SWIFT_VERSION = 5.0;
				TARGETED_DEVICE_FAMILY = "1,2";
				TEST_TARGET_NAME = ProjectWithSwiftUI;
			};
			name = Release;
		};
/* End XCBuildConfiguration section */

/* Begin XCConfigurationList section */
		E1D19E362546399A00143694 /* Build configuration list for PBXProject "StoryboardVsSwiftUI" */ = {
			isa = XCConfigurationList;
			buildConfigurations = (
				E1D19E632546399C00143694 /* Debug */,
				E1D19E642546399C00143694 /* Release */,
			);
			defaultConfigurationIsVisible = 0;
			defaultConfigurationName = Release;
		};
		E1D19E652546399C00143694 /* Build configuration list for PBXNativeTarget "ProjectWithStoryboard" */ = {
			isa = XCConfigurationList;
			buildConfigurations = (
				E1D19E662546399C00143694 /* Debug */,
				E1D19E672546399C00143694 /* Release */,
			);
			defaultConfigurationIsVisible = 0;
			defaultConfigurationName = Release;
		};
		E1D19E682546399C00143694 /* Build configuration list for PBXNativeTarget "ProjectWithStoryboardTests" */ = {
			isa = XCConfigurationList;
			buildConfigurations = (
				E1D19E692546399C00143694 /* Debug */,
				E1D19E6A2546399C00143694 /* Release */,
			);
			defaultConfigurationIsVisible = 0;
			defaultConfigurationName = Release;
		};
		E1D19E6B2546399C00143694 /* Build configuration list for PBXNativeTarget "ProjectWithStoryboardUITests" */ = {
			isa = XCConfigurationList;
			buildConfigurations = (
				E1D19E6C2546399C00143694 /* Debug */,
				E1D19E6D2546399C00143694 /* Release */,
			);
			defaultConfigurationIsVisible = 0;
			defaultConfigurationName = Release;
		};
		E1D19EB12546BD5D00143694 /* Build configuration list for PBXNativeTarget "ProjectWithSwiftUI" */ = {
			isa = XCConfigurationList;
			buildConfigurations = (
				E1D19EB22546BD5D00143694 /* Debug */,
				E1D19EB32546BD5D00143694 /* Release */,
			);
			defaultConfigurationIsVisible = 0;
			defaultConfigurationName = Release;
		};
		E1D19EB42546BD5D00143694 /* Build configuration list for PBXNativeTarget "ProjectWithSwiftUITests" */ = {
			isa = XCConfigurationList;
			buildConfigurations = (
				E1D19EB52546BD5D00143694 /* Debug */,
				E1D19EB62546BD5D00143694 /* Release */,
			);
			defaultConfigurationIsVisible = 0;
			defaultConfigurationName = Release;
		};
		E1D19EB72546BD5D00143694 /* Build configuration list for PBXNativeTarget "ProjectWithSwiftUIUITests" */ = {
			isa = XCConfigurationList;
			buildConfigurations = (
				E1D19EB82546BD5D00143694 /* Debug */,
				E1D19EB92546BD5D00143694 /* Release */,
			);
			defaultConfigurationIsVisible = 0;
			defaultConfigurationName = Release;
		};
/* End XCConfigurationList section */
	};
	rootObject = E1D19E332546399A00143694 /* Project object */;
}
