// !$*UTF8*$!
{
	archiveVersion = 1;
	classes = {
	};
	objectVersion = 56;
	objects = {

/* Begin PBXBuildFile section */
		5C546C0D2A540FA4005A4345 /* LandmarksApp.swift in Sources */ = {isa = PBXBuildFile; fileRef = 5C546C0C2A540FA4005A4345 /* LandmarksApp.swift */; };
		5C546C0F2A540FA4005A4345 /* ContentView.swift in Sources */ = {isa = PBXBuildFile; fileRef = 5C546C0E2A540FA4005A4345 /* ContentView.swift */; };
		5C546C112A540FA4005A4345 /* Assets.xcassets in Resources */ = {isa = PBXBuildFile; fileRef = 5C546C102A540FA4005A4345 /* Assets.xcassets */; };
		5C546C142A540FA4005A4345 /* Preview Assets.xcassets in Resources */ = {isa = PBXBuildFile; fileRef = 5C546C132A540FA4005A4345 /* Preview Assets.xcassets */; };
		5C546C1E2A540FA5005A4345 /* LandmarksTests.swift in Sources */ = {isa = PBXBuildFile; fileRef = 5C546C1D2A540FA5005A4345 /* LandmarksTests.swift */; };
		5C546C282A540FA5005A4345 /* LandmarksUITests.swift in Sources */ = {isa = PBXBuildFile; fileRef = 5C546C272A540FA5005A4345 /* LandmarksUITests.swift */; };
		5C546C2A2A540FA5005A4345 /* LandmarksUITestsLaunchTests.swift in Sources */ = {isa = PBXBuildFile; fileRef = 5C546C292A540FA5005A4345 /* LandmarksUITestsLaunchTests.swift */; };
		5C546C372A54E373005A4345 /* CircleImage.swift in Sources */ = {isa = PBXBuildFile; fileRef = 5C546C362A54E373005A4345 /* CircleImage.swift */; };
		5C546C392A5500F6005A4345 /* MapView.swift in Sources */ = {isa = PBXBuildFile; fileRef = 5C546C382A5500F6005A4345 /* MapView.swift */; };
		5C546C3B2A552CE8005A4345 /* landmarkData.json in Resources */ = {isa = PBXBuildFile; fileRef = 5C546C3A2A552CE8005A4345 /* landmarkData.json */; };
		5C546C3D2A552D51005A4345 /* Landmark.swift in Sources */ = {isa = PBXBuildFile; fileRef = 5C546C3C2A552D51005A4345 /* Landmark.swift */; };
		5C546C3F2A5530A9005A4345 /* ModelData.swift in Sources */ = {isa = PBXBuildFile; fileRef = 5C546C3E2A5530A9005A4345 /* ModelData.swift */; };
		5C546C462A553621005A4345 /* LandmarkList.swift in Sources */ = {isa = PBXBuildFile; fileRef = 5C546C452A553621005A4345 /* LandmarkList.swift */; };
		5C546C482A553B9E005A4345 /* LandmarkDetail.swift in Sources */ = {isa = PBXBuildFile; fileRef = 5C546C472A553B9E005A4345 /* LandmarkDetail.swift */; };
		5CD1AB852A58FEEC00CAAC48 /* FavoriteButton.swift in Sources */ = {isa = PBXBuildFile; fileRef = 5CD1AB842A58FEEC00CAAC48 /* FavoriteButton.swift */; };
		5CD1AB892A59004500CAAC48 /* LandmarkRow.swift in Sources */ = {isa = PBXBuildFile; fileRef = 5CD1AB882A59004500CAAC48 /* LandmarkRow.swift */; };
		5CD1AB8B2A5AAFA500CAAC48 /* HexagonParameters.swift in Sources */ = {isa = PBXBuildFile; fileRef = 5CD1AB8A2A5AAFA500CAAC48 /* HexagonParameters.swift */; };
		5CD1AB8D2A5AB4A700CAAC48 /* BadgeBackground.swift in Sources */ = {isa = PBXBuildFile; fileRef = 5CD1AB8C2A5AB4A700CAAC48 /* BadgeBackground.swift */; };
		5CD1AB8F2A5ACA6600CAAC48 /* BadgeSymbol.swift in Sources */ = {isa = PBXBuildFile; fileRef = 5CD1AB8E2A5ACA6600CAAC48 /* BadgeSymbol.swift */; };
		5CD1AB912A5ACB6E00CAAC48 /* RotatedBadgeSymbol.swift in Sources */ = {isa = PBXBuildFile; fileRef = 5CD1AB902A5ACB6E00CAAC48 /* RotatedBadgeSymbol.swift */; };
		5CD1AB932A5ACC2B00CAAC48 /* Badge.swift in Sources */ = {isa = PBXBuildFile; fileRef = 5CD1AB922A5ACC2B00CAAC48 /* Badge.swift */; };
		5CD1AB962A5B8A8000CAAC48 /* hikeData.json in Resources */ = {isa = PBXBuildFile; fileRef = 5CD1AB952A5B8A8000CAAC48 /* hikeData.json */; };
		5CD1AB982A5B8B7800CAAC48 /* Hike.swift in Sources */ = {isa = PBXBuildFile; fileRef = 5CD1AB972A5B8B7800CAAC48 /* Hike.swift */; };
		5CD1ABA02A5B8F4100CAAC48 /* GraphCapsule.swift in Sources */ = {isa = PBXBuildFile; fileRef = 5CD1AB9C2A5B8F4100CAAC48 /* GraphCapsule.swift */; };
		5CD1ABA12A5B8F4100CAAC48 /* HikeGraph.swift in Sources */ = {isa = PBXBuildFile; fileRef = 5CD1AB9D2A5B8F4100CAAC48 /* HikeGraph.swift */; };
		5CD1ABA22A5B8F4100CAAC48 /* HikeDetail.swift in Sources */ = {isa = PBXBuildFile; fileRef = 5CD1AB9E2A5B8F4100CAAC48 /* HikeDetail.swift */; };
		5CD1ABA32A5B8F4100CAAC48 /* HikeView.swift in Sources */ = {isa = PBXBuildFile; fileRef = 5CD1AB9F2A5B8F4100CAAC48 /* HikeView.swift */; };
		5CD1ABA62A5BC77500CAAC48 /* CategoryHome.swift in Sources */ = {isa = PBXBuildFile; fileRef = 5CD1ABA52A5BC77500CAAC48 /* CategoryHome.swift */; };
		5CD1ABA82A5BCB4200CAAC48 /* CategoryRow.swift in Sources */ = {isa = PBXBuildFile; fileRef = 5CD1ABA72A5BCB4200CAAC48 /* CategoryRow.swift */; };
		5CD1ABAA2A5BCD4D00CAAC48 /* CategoryItem.swift in Sources */ = {isa = PBXBuildFile; fileRef = 5CD1ABA92A5BCD4D00CAAC48 /* CategoryItem.swift */; };
		5CD1ABAC2A5BD44D00CAAC48 /* Profile.swift in Sources */ = {isa = PBXBuildFile; fileRef = 5CD1ABAB2A5BD44D00CAAC48 /* Profile.swift */; };
		5CD1ABAF2A5BD51E00CAAC48 /* ProfileHost.swift in Sources */ = {isa = PBXBuildFile; fileRef = 5CD1ABAE2A5BD51E00CAAC48 /* ProfileHost.swift */; };
		5CD1ABB12A5BD59300CAAC48 /* ProfileSummary.swift in Sources */ = {isa = PBXBuildFile; fileRef = 5CD1ABB02A5BD59300CAAC48 /* ProfileSummary.swift */; };
		5CD1ABB32A5BD68900CAAC48 /* HikeBadge.swift in Sources */ = {isa = PBXBuildFile; fileRef = 5CD1ABB22A5BD68900CAAC48 /* HikeBadge.swift */; };
		5CD1ABB52A5BDC6700CAAC48 /* ProfileEditor.swift in Sources */ = {isa = PBXBuildFile; fileRef = 5CD1ABB42A5BDC6700CAAC48 /* ProfileEditor.swift */; };
		5CD1ABB82A5E1FB400CAAC48 /* PageViewController.swift in Sources */ = {isa = PBXBuildFile; fileRef = 5CD1ABB72A5E1FB400CAAC48 /* PageViewController.swift */; };
		5CD1ABBA2A5E23A700CAAC48 /* FeatureCard.swift in Sources */ = {isa = PBXBuildFile; fileRef = 5CD1ABB92A5E23A700CAAC48 /* FeatureCard.swift */; };
		5CD1ABBC2A5E263000CAAC48 /* PageView.swift in Sources */ = {isa = PBXBuildFile; fileRef = 5CD1ABBB2A5E263000CAAC48 /* PageView.swift */; };
		5CD1ABBE2A5E2E5200CAAC48 /* PageControl.swift in Sources */ = {isa = PBXBuildFile; fileRef = 5CD1ABBD2A5E2E5200CAAC48 /* PageControl.swift */; };
/* End PBXBuildFile section */

/* Begin PBXContainerItemProxy section */
		5C546C1A2A540FA5005A4345 /* PBXContainerItemProxy */ = {
			isa = PBXContainerItemProxy;
			containerPortal = 5C546C012A540FA4005A4345 /* Project object */;
			proxyType = 1;
			remoteGlobalIDString = 5C546C082A540FA4005A4345;
			remoteInfo = Landmarks;
		};
		5C546C242A540FA5005A4345 /* PBXContainerItemProxy */ = {
			isa = PBXContainerItemProxy;
			containerPortal = 5C546C012A540FA4005A4345 /* Project object */;
			proxyType = 1;
			remoteGlobalIDString = 5C546C082A540FA4005A4345;
			remoteInfo = Landmarks;
		};
/* End PBXContainerItemProxy section */

/* Begin PBXFileReference section */
		5C546C092A540FA4005A4345 /* Landmarks.app */ = {isa = PBXFileReference; explicitFileType = wrapper.application; includeInIndex = 0; path = Landmarks.app; sourceTree = BUILT_PRODUCTS_DIR; };
		5C546C0C2A540FA4005A4345 /* LandmarksApp.swift */ = {isa = PBXFileReference; lastKnownFileType = sourcecode.swift; path = LandmarksApp.swift; sourceTree = "<group>"; };
		5C546C0E2A540FA4005A4345 /* ContentView.swift */ = {isa = PBXFileReference; lastKnownFileType = sourcecode.swift; path = ContentView.swift; sourceTree = "<group>"; };
		5C546C102A540FA4005A4345 /* Assets.xcassets */ = {isa = PBXFileReference; lastKnownFileType = folder.assetcatalog; path = Assets.xcassets; sourceTree = "<group>"; };
		5C546C132A540FA4005A4345 /* Preview Assets.xcassets */ = {isa = PBXFileReference; lastKnownFileType = folder.assetcatalog; path = "Preview Assets.xcassets"; sourceTree = "<group>"; };
		5C546C192A540FA5005A4345 /* LandmarksTests.xctest */ = {isa = PBXFileReference; explicitFileType = wrapper.cfbundle; includeInIndex = 0; path = LandmarksTests.xctest; sourceTree = BUILT_PRODUCTS_DIR; };
		5C546C1D2A540FA5005A4345 /* LandmarksTests.swift */ = {isa = PBXFileReference; lastKnownFileType = sourcecode.swift; path = LandmarksTests.swift; sourceTree = "<group>"; };
		5C546C232A540FA5005A4345 /* LandmarksUITests.xctest */ = {isa = PBXFileReference; explicitFileType = wrapper.cfbundle; includeInIndex = 0; path = LandmarksUITests.xctest; sourceTree = BUILT_PRODUCTS_DIR; };
		5C546C272A540FA5005A4345 /* LandmarksUITests.swift */ = {isa = PBXFileReference; lastKnownFileType = sourcecode.swift; path = LandmarksUITests.swift; sourceTree = "<group>"; };
		5C546C292A540FA5005A4345 /* LandmarksUITestsLaunchTests.swift */ = {isa = PBXFileReference; lastKnownFileType = sourcecode.swift; path = LandmarksUITestsLaunchTests.swift; sourceTree = "<group>"; };
		5C546C362A54E373005A4345 /* CircleImage.swift */ = {isa = PBXFileReference; lastKnownFileType = sourcecode.swift; path = CircleImage.swift; sourceTree = "<group>"; };
		5C546C382A5500F6005A4345 /* MapView.swift */ = {isa = PBXFileReference; lastKnownFileType = sourcecode.swift; path = MapView.swift; sourceTree = "<group>"; };
		5C546C3A2A552CE8005A4345 /* landmarkData.json */ = {isa = PBXFileReference; fileEncoding = 4; lastKnownFileType = text.json; path = landmarkData.json; sourceTree = "<group>"; };
		5C546C3C2A552D51005A4345 /* Landmark.swift */ = {isa = PBXFileReference; lastKnownFileType = sourcecode.swift; path = Landmark.swift; sourceTree = "<group>"; };
		5C546C3E2A5530A9005A4345 /* ModelData.swift */ = {isa = PBXFileReference; lastKnownFileType = sourcecode.swift; path = ModelData.swift; sourceTree = "<group>"; };
		5C546C452A553621005A4345 /* LandmarkList.swift */ = {isa = PBXFileReference; lastKnownFileType = sourcecode.swift; path = LandmarkList.swift; sourceTree = "<group>"; };
		5C546C472A553B9E005A4345 /* LandmarkDetail.swift */ = {isa = PBXFileReference; lastKnownFileType = sourcecode.swift; path = LandmarkDetail.swift; sourceTree = "<group>"; };
		5CD1AB842A58FEEC00CAAC48 /* FavoriteButton.swift */ = {isa = PBXFileReference; lastKnownFileType = sourcecode.swift; path = FavoriteButton.swift; sourceTree = "<group>"; };
		5CD1AB882A59004500CAAC48 /* LandmarkRow.swift */ = {isa = PBXFileReference; fileEncoding = 4; lastKnownFileType = sourcecode.swift; path = LandmarkRow.swift; sourceTree = "<group>"; };
		5CD1AB8A2A5AAFA500CAAC48 /* HexagonParameters.swift */ = {isa = PBXFileReference; lastKnownFileType = sourcecode.swift; path = HexagonParameters.swift; sourceTree = "<group>"; };
		5CD1AB8C2A5AB4A700CAAC48 /* BadgeBackground.swift */ = {isa = PBXFileReference; lastKnownFileType = sourcecode.swift; path = BadgeBackground.swift; sourceTree = "<group>"; };
		5CD1AB8E2A5ACA6600CAAC48 /* BadgeSymbol.swift */ = {isa = PBXFileReference; lastKnownFileType = sourcecode.swift; path = BadgeSymbol.swift; sourceTree = "<group>"; };
		5CD1AB902A5ACB6E00CAAC48 /* RotatedBadgeSymbol.swift */ = {isa = PBXFileReference; lastKnownFileType = sourcecode.swift; path = RotatedBadgeSymbol.swift; sourceTree = "<group>"; };
		5CD1AB922A5ACC2B00CAAC48 /* Badge.swift */ = {isa = PBXFileReference; lastKnownFileType = sourcecode.swift; path = Badge.swift; sourceTree = "<group>"; };
		5CD1AB952A5B8A8000CAAC48 /* hikeData.json */ = {isa = PBXFileReference; fileEncoding = 4; lastKnownFileType = text.json; path = hikeData.json; sourceTree = "<group>"; };
		5CD1AB972A5B8B7800CAAC48 /* Hike.swift */ = {isa = PBXFileReference; lastKnownFileType = sourcecode.swift; path = Hike.swift; sourceTree = "<group>"; };
		5CD1AB9C2A5B8F4100CAAC48 /* GraphCapsule.swift */ = {isa = PBXFileReference; fileEncoding = 4; lastKnownFileType = sourcecode.swift; path = GraphCapsule.swift; sourceTree = "<group>"; };
		5CD1AB9D2A5B8F4100CAAC48 /* HikeGraph.swift */ = {isa = PBXFileReference; fileEncoding = 4; lastKnownFileType = sourcecode.swift; path = HikeGraph.swift; sourceTree = "<group>"; };
		5CD1AB9E2A5B8F4100CAAC48 /* HikeDetail.swift */ = {isa = PBXFileReference; fileEncoding = 4; lastKnownFileType = sourcecode.swift; path = HikeDetail.swift; sourceTree = "<group>"; };
		5CD1AB9F2A5B8F4100CAAC48 /* HikeView.swift */ = {isa = PBXFileReference; fileEncoding = 4; lastKnownFileType = sourcecode.swift; path = HikeView.swift; sourceTree = "<group>"; };
		5CD1ABA52A5BC77500CAAC48 /* CategoryHome.swift */ = {isa = PBXFileReference; lastKnownFileType = sourcecode.swift; path = CategoryHome.swift; sourceTree = "<group>"; };
		5CD1ABA72A5BCB4200CAAC48 /* CategoryRow.swift */ = {isa = PBXFileReference; lastKnownFileType = sourcecode.swift; path = CategoryRow.swift; sourceTree = "<group>"; };
		5CD1ABA92A5BCD4D00CAAC48 /* CategoryItem.swift */ = {isa = PBXFileReference; lastKnownFileType = sourcecode.swift; path = CategoryItem.swift; sourceTree = "<group>"; };
		5CD1ABAB2A5BD44D00CAAC48 /* Profile.swift */ = {isa = PBXFileReference; lastKnownFileType = sourcecode.swift; path = Profile.swift; sourceTree = "<group>"; };
		5CD1ABAE2A5BD51E00CAAC48 /* ProfileHost.swift */ = {isa = PBXFileReference; lastKnownFileType = sourcecode.swift; path = ProfileHost.swift; sourceTree = "<group>"; };
		5CD1ABB02A5BD59300CAAC48 /* ProfileSummary.swift */ = {isa = PBXFileReference; lastKnownFileType = sourcecode.swift; path = ProfileSummary.swift; sourceTree = "<group>"; };
		5CD1ABB22A5BD68900CAAC48 /* HikeBadge.swift */ = {isa = PBXFileReference; lastKnownFileType = sourcecode.swift; path = HikeBadge.swift; sourceTree = "<group>"; };
		5CD1ABB42A5BDC6700CAAC48 /* ProfileEditor.swift */ = {isa = PBXFileReference; lastKnownFileType = sourcecode.swift; path = ProfileEditor.swift; sourceTree = "<group>"; };
		5CD1ABB72A5E1FB400CAAC48 /* PageViewController.swift */ = {isa = PBXFileReference; lastKnownFileType = sourcecode.swift; path = PageViewController.swift; sourceTree = "<group>"; };
		5CD1ABB92A5E23A700CAAC48 /* FeatureCard.swift */ = {isa = PBXFileReference; lastKnownFileType = sourcecode.swift; path = FeatureCard.swift; sourceTree = "<group>"; };
		5CD1ABBB2A5E263000CAAC48 /* PageView.swift */ = {isa = PBXFileReference; lastKnownFileType = sourcecode.swift; path = PageView.swift; sourceTree = "<group>"; };
		5CD1ABBD2A5E2E5200CAAC48 /* PageControl.swift */ = {isa = PBXFileReference; lastKnownFileType = sourcecode.swift; path = PageControl.swift; sourceTree = "<group>"; };
/* End PBXFileReference section */

/* Begin PBXFrameworksBuildPhase section */
		5C546C062A540FA4005A4345 /* Frameworks */ = {
			isa = PBXFrameworksBuildPhase;
			buildActionMask = 2147483647;
			files = (
			);
			runOnlyForDeploymentPostprocessing = 0;
		};
		5C546C162A540FA5005A4345 /* Frameworks */ = {
			isa = PBXFrameworksBuildPhase;
			buildActionMask = 2147483647;
			files = (
			);
			runOnlyForDeploymentPostprocessing = 0;
		};
		5C546C202A540FA5005A4345 /* Frameworks */ = {
			isa = PBXFrameworksBuildPhase;
			buildActionMask = 2147483647;
			files = (
			);
			runOnlyForDeploymentPostprocessing = 0;
		};
/* End PBXFrameworksBuildPhase section */

/* Begin PBXGroup section */
		5C546C002A540FA4005A4345 = {
			isa = PBXGroup;
			children = (
				5C546C0B2A540FA4005A4345 /* Landmarks */,
				5C546C1C2A540FA5005A4345 /* LandmarksTests */,
				5C546C262A540FA5005A4345 /* LandmarksUITests */,
				5C546C0A2A540FA4005A4345 /* Products */,
			);
			sourceTree = "<group>";
		};
		5C546C0A2A540FA4005A4345 /* Products */ = {
			isa = PBXGroup;
			children = (
				5C546C092A540FA4005A4345 /* Landmarks.app */,
				5C546C192A540FA5005A4345 /* LandmarksTests.xctest */,
				5C546C232A540FA5005A4345 /* LandmarksUITests.xctest */,
			);
			name = Products;
			sourceTree = "<group>";
		};
		5C546C0B2A540FA4005A4345 /* Landmarks */ = {
			isa = PBXGroup;
			children = (
				5C546C422A5531E2005A4345 /* Model */,
				5C546C412A5531C6005A4345 /* Resources */,
				5C546C402A55319E005A4345 /* Views */,
				5C546C0C2A540FA4005A4345 /* LandmarksApp.swift */,
				5C546C102A540FA4005A4345 /* Assets.xcassets */,
				5C546C122A540FA4005A4345 /* Preview Content */,
			);
			path = Landmarks;
			sourceTree = "<group>";
		};
		5C546C122A540FA4005A4345 /* Preview Content */ = {
			isa = PBXGroup;
			children = (
				5C546C132A540FA4005A4345 /* Preview Assets.xcassets */,
			);
			path = "Preview Content";
			sourceTree = "<group>";
		};
		5C546C1C2A540FA5005A4345 /* LandmarksTests */ = {
			isa = PBXGroup;
			children = (
				5C546C1D2A540FA5005A4345 /* LandmarksTests.swift */,
			);
			path = LandmarksTests;
			sourceTree = "<group>";
		};
		5C546C262A540FA5005A4345 /* LandmarksUITests */ = {
			isa = PBXGroup;
			children = (
				5C546C272A540FA5005A4345 /* LandmarksUITests.swift */,
				5C546C292A540FA5005A4345 /* LandmarksUITestsLaunchTests.swift */,
			);
			path = LandmarksUITests;
			sourceTree = "<group>";
		};
		5C546C402A55319E005A4345 /* Views */ = {
			isa = PBXGroup;
			children = (
				5CD1ABB62A5E1F4100CAAC48 /* PageView */,
				5CD1ABAD2A5BD4F800CAAC48 /* Profiles */,
				5CD1ABA42A5BC75800CAAC48 /* Categories */,
				5CD1AB9B2A5B8F4100CAAC48 /* Hikes */,
				5CD1AB862A58FF9600CAAC48 /* Helpers */,
				5CD1AB872A58FFD600CAAC48 /* Landmarks */,
				5C546C0E2A540FA4005A4345 /* ContentView.swift */,
				5CD1AB942A5ACDBD00CAAC48 /* Badges */,
			);
			path = Views;
			sourceTree = "<group>";
		};
		5C546C412A5531C6005A4345 /* Resources */ = {
			isa = PBXGroup;
			children = (
				5CD1AB952A5B8A8000CAAC48 /* hikeData.json */,
				5C546C3A2A552CE8005A4345 /* landmarkData.json */,
			);
			path = Resources;
			sourceTree = "<group>";
		};
		5C546C422A5531E2005A4345 /* Model */ = {
			isa = PBXGroup;
			children = (
				5C546C3C2A552D51005A4345 /* Landmark.swift */,
				5C546C3E2A5530A9005A4345 /* ModelData.swift */,
				5CD1AB972A5B8B7800CAAC48 /* Hike.swift */,
				5CD1ABAB2A5BD44D00CAAC48 /* Profile.swift */,
			);
			path = Model;
			sourceTree = "<group>";
		};
		5CD1AB862A58FF9600CAAC48 /* Helpers */ = {
			isa = PBXGroup;
			children = (
				5C546C382A5500F6005A4345 /* MapView.swift */,
				5C546C362A54E373005A4345 /* CircleImage.swift */,
				5CD1AB842A58FEEC00CAAC48 /* FavoriteButton.swift */,
			);
			path = Helpers;
			sourceTree = "<group>";
		};
		5CD1AB872A58FFD600CAAC48 /* Landmarks */ = {
			isa = PBXGroup;
			children = (
				5CD1AB882A59004500CAAC48 /* LandmarkRow.swift */,
				5C546C452A553621005A4345 /* LandmarkList.swift */,
				5C546C472A553B9E005A4345 /* LandmarkDetail.swift */,
				5CD1ABB92A5E23A700CAAC48 /* FeatureCard.swift */,
			);
			path = Landmarks;
			sourceTree = "<group>";
		};
		5CD1AB942A5ACDBD00CAAC48 /* Badges */ = {
			isa = PBXGroup;
			children = (
				5CD1AB8A2A5AAFA500CAAC48 /* HexagonParameters.swift */,
				5CD1AB8C2A5AB4A700CAAC48 /* BadgeBackground.swift */,
				5CD1AB8E2A5ACA6600CAAC48 /* BadgeSymbol.swift */,
				5CD1AB902A5ACB6E00CAAC48 /* RotatedBadgeSymbol.swift */,
				5CD1AB922A5ACC2B00CAAC48 /* Badge.swift */,
			);
			path = Badges;
			sourceTree = "<group>";
		};
		5CD1AB9B2A5B8F4100CAAC48 /* Hikes */ = {
			isa = PBXGroup;
			children = (
				5CD1AB9C2A5B8F4100CAAC48 /* GraphCapsule.swift */,
				5CD1AB9D2A5B8F4100CAAC48 /* HikeGraph.swift */,
				5CD1AB9E2A5B8F4100CAAC48 /* HikeDetail.swift */,
				5CD1AB9F2A5B8F4100CAAC48 /* HikeView.swift */,
				5CD1ABB22A5BD68900CAAC48 /* HikeBadge.swift */,
			);
			path = Hikes;
			sourceTree = "<group>";
		};
		5CD1ABA42A5BC75800CAAC48 /* Categories */ = {
			isa = PBXGroup;
			children = (
				5CD1ABA52A5BC77500CAAC48 /* CategoryHome.swift */,
				5CD1ABA72A5BCB4200CAAC48 /* CategoryRow.swift */,
				5CD1ABA92A5BCD4D00CAAC48 /* CategoryItem.swift */,
			);
			path = Categories;
			sourceTree = "<group>";
		};
		5CD1ABAD2A5BD4F800CAAC48 /* Profiles */ = {
			isa = PBXGroup;
			children = (
				5CD1ABAE2A5BD51E00CAAC48 /* ProfileHost.swift */,
				5CD1ABB02A5BD59300CAAC48 /* ProfileSummary.swift */,
				5CD1ABB42A5BDC6700CAAC48 /* ProfileEditor.swift */,
			);
			path = Profiles;
			sourceTree = "<group>";
		};
		5CD1ABB62A5E1F4100CAAC48 /* PageView */ = {
			isa = PBXGroup;
			children = (
				5CD1ABB72A5E1FB400CAAC48 /* PageViewController.swift */,
				5CD1ABBB2A5E263000CAAC48 /* PageView.swift */,
				5CD1ABBD2A5E2E5200CAAC48 /* PageControl.swift */,
			);
			path = PageView;
			sourceTree = "<group>";
		};
/* End PBXGroup section */

/* Begin PBXNativeTarget section */
		5C546C082A540FA4005A4345 /* Landmarks */ = {
			isa = PBXNativeTarget;
			buildConfigurationList = 5C546C2D2A540FA5005A4345 /* Build configuration list for PBXNativeTarget "Landmarks" */;
			buildPhases = (
				5C546C052A540FA4005A4345 /* Sources */,
				5C546C062A540FA4005A4345 /* Frameworks */,
				5C546C072A540FA4005A4345 /* Resources */,
			);
			buildRules = (
			);
			dependencies = (
			);
			name = Landmarks;
			productName = Landmarks;
			productReference = 5C546C092A540FA4005A4345 /* Landmarks.app */;
			productType = "com.apple.product-type.application";
		};
		5C546C182A540FA5005A4345 /* LandmarksTests */ = {
			isa = PBXNativeTarget;
			buildConfigurationList = 5C546C302A540FA5005A4345 /* Build configuration list for PBXNativeTarget "LandmarksTests" */;
			buildPhases = (
				5C546C152A540FA5005A4345 /* Sources */,
				5C546C162A540FA5005A4345 /* Frameworks */,
				5C546C172A540FA5005A4345 /* Resources */,
			);
			buildRules = (
			);
			dependencies = (
				5C546C1B2A540FA5005A4345 /* PBXTargetDependency */,
			);
			name = LandmarksTests;
			productName = LandmarksTests;
			productReference = 5C546C192A540FA5005A4345 /* LandmarksTests.xctest */;
			productType = "com.apple.product-type.bundle.unit-test";
		};
		5C546C222A540FA5005A4345 /* LandmarksUITests */ = {
			isa = PBXNativeTarget;
			buildConfigurationList = 5C546C332A540FA5005A4345 /* Build configuration list for PBXNativeTarget "LandmarksUITests" */;
			buildPhases = (
				5C546C1F2A540FA5005A4345 /* Sources */,
				5C546C202A540FA5005A4345 /* Frameworks */,
				5C546C212A540FA5005A4345 /* Resources */,
			);
			buildRules = (
			);
			dependencies = (
				5C546C252A540FA5005A4345 /* PBXTargetDependency */,
			);
			name = LandmarksUITests;
			productName = LandmarksUITests;
			productReference = 5C546C232A540FA5005A4345 /* LandmarksUITests.xctest */;
			productType = "com.apple.product-type.bundle.ui-testing";
		};
/* End PBXNativeTarget section */

/* Begin PBXProject section */
		5C546C012A540FA4005A4345 /* Project object */ = {
			isa = PBXProject;
			attributes = {
				BuildIndependentTargetsInParallel = 1;
				LastSwiftUpdateCheck = 1430;
				LastUpgradeCheck = 1430;
				TargetAttributes = {
					5C546C082A540FA4005A4345 = {
						CreatedOnToolsVersion = 14.3.1;
					};
					5C546C182A540FA5005A4345 = {
						CreatedOnToolsVersion = 14.3.1;
						TestTargetID = 5C546C082A540FA4005A4345;
					};
					5C546C222A540FA5005A4345 = {
						CreatedOnToolsVersion = 14.3.1;
						TestTargetID = 5C546C082A540FA4005A4345;
					};
				};
			};
			buildConfigurationList = 5C546C042A540FA4005A4345 /* Build configuration list for PBXProject "Landmarks" */;
			compatibilityVersion = "Xcode 14.0";
			developmentRegion = en;
			hasScannedForEncodings = 0;
			knownRegions = (
				en,
				Base,
			);
			mainGroup = 5C546C002A540FA4005A4345;
			productRefGroup = 5C546C0A2A540FA4005A4345 /* Products */;
			projectDirPath = "";
			projectRoot = "";
			targets = (
				5C546C082A540FA4005A4345 /* Landmarks */,
				5C546C182A540FA5005A4345 /* LandmarksTests */,
				5C546C222A540FA5005A4345 /* LandmarksUITests */,
			);
		};
/* End PBXProject section */

/* Begin PBXResourcesBuildPhase section */
		5C546C072A540FA4005A4345 /* Resources */ = {
			isa = PBXResourcesBuildPhase;
			buildActionMask = 2147483647;
			files = (
				5CD1AB962A5B8A8000CAAC48 /* hikeData.json in Resources */,
				5C546C142A540FA4005A4345 /* Preview Assets.xcassets in Resources */,
				5C546C112A540FA4005A4345 /* Assets.xcassets in Resources */,
				5C546C3B2A552CE8005A4345 /* landmarkData.json in Resources */,
			);
			runOnlyForDeploymentPostprocessing = 0;
		};
		5C546C172A540FA5005A4345 /* Resources */ = {
			isa = PBXResourcesBuildPhase;
			buildActionMask = 2147483647;
			files = (
			);
			runOnlyForDeploymentPostprocessing = 0;
		};
		5C546C212A540FA5005A4345 /* Resources */ = {
			isa = PBXResourcesBuildPhase;
			buildActionMask = 2147483647;
			files = (
			);
			runOnlyForDeploymentPostprocessing = 0;
		};
/* End PBXResourcesBuildPhase section */

/* Begin PBXSourcesBuildPhase section */
		5C546C052A540FA4005A4345 /* Sources */ = {
			isa = PBXSourcesBuildPhase;
			buildActionMask = 2147483647;
			files = (
				5CD1ABA82A5BCB4200CAAC48 /* CategoryRow.swift in Sources */,
				5CD1ABAC2A5BD44D00CAAC48 /* Profile.swift in Sources */,
				5C546C0F2A540FA4005A4345 /* ContentView.swift in Sources */,
				5CD1ABA62A5BC77500CAAC48 /* CategoryHome.swift in Sources */,
				5CD1ABBA2A5E23A700CAAC48 /* FeatureCard.swift in Sources */,
				5CD1ABA12A5B8F4100CAAC48 /* HikeGraph.swift in Sources */,
				5CD1AB932A5ACC2B00CAAC48 /* Badge.swift in Sources */,
				5C546C392A5500F6005A4345 /* MapView.swift in Sources */,
				5CD1ABA02A5B8F4100CAAC48 /* GraphCapsule.swift in Sources */,
				5C546C0D2A540FA4005A4345 /* LandmarksApp.swift in Sources */,
				5CD1ABBE2A5E2E5200CAAC48 /* PageControl.swift in Sources */,
				5CD1AB852A58FEEC00CAAC48 /* FavoriteButton.swift in Sources */,
				5CD1ABAA2A5BCD4D00CAAC48 /* CategoryItem.swift in Sources */,
				5CD1ABA22A5B8F4100CAAC48 /* HikeDetail.swift in Sources */,
				5CD1ABB12A5BD59300CAAC48 /* ProfileSummary.swift in Sources */,
				5CD1AB8B2A5AAFA500CAAC48 /* HexagonParameters.swift in Sources */,
				5CD1ABAF2A5BD51E00CAAC48 /* ProfileHost.swift in Sources */,
				5CD1AB982A5B8B7800CAAC48 /* Hike.swift in Sources */,
				5CD1AB912A5ACB6E00CAAC48 /* RotatedBadgeSymbol.swift in Sources */,
				5CD1ABBC2A5E263000CAAC48 /* PageView.swift in Sources */,
				5CD1AB8F2A5ACA6600CAAC48 /* BadgeSymbol.swift in Sources */,
				5CD1ABB52A5BDC6700CAAC48 /* ProfileEditor.swift in Sources */,
				5C546C462A553621005A4345 /* LandmarkList.swift in Sources */,
				5CD1ABA32A5B8F4100CAAC48 /* HikeView.swift in Sources */,
				5C546C482A553B9E005A4345 /* LandmarkDetail.swift in Sources */,
				5CD1ABB82A5E1FB400CAAC48 /* PageViewController.swift in Sources */,
				5CD1AB8D2A5AB4A700CAAC48 /* BadgeBackground.swift in Sources */,
				5CD1ABB32A5BD68900CAAC48 /* HikeBadge.swift in Sources */,
				5C546C372A54E373005A4345 /* CircleImage.swift in Sources */,
				5C546C3D2A552D51005A4345 /* Landmark.swift in Sources */,
				5CD1AB892A59004500CAAC48 /* LandmarkRow.swift in Sources */,
				5C546C3F2A5530A9005A4345 /* ModelData.swift in Sources */,
			);
			runOnlyForDeploymentPostprocessing = 0;
		};
		5C546C152A540FA5005A4345 /* Sources */ = {
			isa = PBXSourcesBuildPhase;
			buildActionMask = 2147483647;
			files = (
				5C546C1E2A540FA5005A4345 /* LandmarksTests.swift in Sources */,
			);
			runOnlyForDeploymentPostprocessing = 0;
		};
		5C546C1F2A540FA5005A4345 /* Sources */ = {
			isa = PBXSourcesBuildPhase;
			buildActionMask = 2147483647;
			files = (
				5C546C2A2A540FA5005A4345 /* LandmarksUITestsLaunchTests.swift in Sources */,
				5C546C282A540FA5005A4345 /* LandmarksUITests.swift in Sources */,
			);
			runOnlyForDeploymentPostprocessing = 0;
		};
/* End PBXSourcesBuildPhase section */

/* Begin PBXTargetDependency section */
		5C546C1B2A540FA5005A4345 /* PBXTargetDependency */ = {
			isa = PBXTargetDependency;
			target = 5C546C082A540FA4005A4345 /* Landmarks */;
			targetProxy = 5C546C1A2A540FA5005A4345 /* PBXContainerItemProxy */;
		};
		5C546C252A540FA5005A4345 /* PBXTargetDependency */ = {
			isa = PBXTargetDependency;
			target = 5C546C082A540FA4005A4345 /* Landmarks */;
			targetProxy = 5C546C242A540FA5005A4345 /* PBXContainerItemProxy */;
		};
/* End PBXTargetDependency section */

/* Begin XCBuildConfiguration section */
		5C546C2B2A540FA5005A4345 /* Debug */ = {
			isa = XCBuildConfiguration;
			buildSettings = {
				ALWAYS_SEARCH_USER_PATHS = NO;
				CLANG_ANALYZER_NONNULL = YES;
				CLANG_ANALYZER_NUMBER_OBJECT_CONVERSION = YES_AGGRESSIVE;
				CLANG_CXX_LANGUAGE_STANDARD = "gnu++20";
				CLANG_ENABLE_MODULES = YES;
				CLANG_ENABLE_OBJC_ARC = YES;
				CLANG_ENABLE_OBJC_WEAK = YES;
				CLANG_WARN_BLOCK_CAPTURE_AUTORELEASING = YES;
				CLANG_WARN_BOOL_CONVERSION = YES;
				CLANG_WARN_COMMA = YES;
				CLANG_WARN_CONSTANT_CONVERSION = YES;
				CLANG_WARN_DEPRECATED_OBJC_IMPLEMENTATIONS = YES;
				CLANG_WARN_DIRECT_OBJC_ISA_USAGE = YES_ERROR;
				CLANG_WARN_DOCUMENTATION_COMMENTS = YES;
				CLANG_WARN_EMPTY_BODY = YES;
				CLANG_WARN_ENUM_CONVERSION = YES;
				CLANG_WARN_INFINITE_RECURSION = YES;
				CLANG_WARN_INT_CONVERSION = YES;
				CLANG_WARN_NON_LITERAL_NULL_CONVERSION = YES;
				CLANG_WARN_OBJC_IMPLICIT_RETAIN_SELF = YES;
				CLANG_WARN_OBJC_LITERAL_CONVERSION = YES;
				CLANG_WARN_OBJC_ROOT_CLASS = YES_ERROR;
				CLANG_WARN_QUOTED_INCLUDE_IN_FRAMEWORK_HEADER = YES;
				CLANG_WARN_RANGE_LOOP_ANALYSIS = YES;
				CLANG_WARN_STRICT_PROTOTYPES = YES;
				CLANG_WARN_SUSPICIOUS_MOVE = YES;
				CLANG_WARN_UNGUARDED_AVAILABILITY = YES_AGGRESSIVE;
				CLANG_WARN_UNREACHABLE_CODE = YES;
				CLANG_WARN__DUPLICATE_METHOD_MATCH = YES;
				COPY_PHASE_STRIP = NO;
				DEBUG_INFORMATION_FORMAT = dwarf;
				ENABLE_STRICT_OBJC_MSGSEND = YES;
				ENABLE_TESTABILITY = YES;
				GCC_C_LANGUAGE_STANDARD = gnu11;
				GCC_DYNAMIC_NO_PIC = NO;
				GCC_NO_COMMON_BLOCKS = YES;
				GCC_OPTIMIZATION_LEVEL = 0;
				GCC_PREPROCESSOR_DEFINITIONS = (
					"DEBUG=1",
					"$(inherited)",
				);
				GCC_WARN_64_TO_32_BIT_CONVERSION = YES;
				GCC_WARN_ABOUT_RETURN_TYPE = YES_ERROR;
				GCC_WARN_UNDECLARED_SELECTOR = YES;
				GCC_WARN_UNINITIALIZED_AUTOS = YES_AGGRESSIVE;
				GCC_WARN_UNUSED_FUNCTION = YES;
				GCC_WARN_UNUSED_VARIABLE = YES;
				IPHONEOS_DEPLOYMENT_TARGET = 16.4;
				MTL_ENABLE_DEBUG_INFO = INCLUDE_SOURCE;
				MTL_FAST_MATH = YES;
				ONLY_ACTIVE_ARCH = YES;
				SDKROOT = iphoneos;
				SWIFT_ACTIVE_COMPILATION_CONDITIONS = DEBUG;
				SWIFT_OPTIMIZATION_LEVEL = "-Onone";
			};
			name = Debug;
		};
		5C546C2C2A540FA5005A4345 /* Release */ = {
			isa = XCBuildConfiguration;
			buildSettings = {
				ALWAYS_SEARCH_USER_PATHS = NO;
				CLANG_ANALYZER_NONNULL = YES;
				CLANG_ANALYZER_NUMBER_OBJECT_CONVERSION = YES_AGGRESSIVE;
				CLANG_CXX_LANGUAGE_STANDARD = "gnu++20";
				CLANG_ENABLE_MODULES = YES;
				CLANG_ENABLE_OBJC_ARC = YES;
				CLANG_ENABLE_OBJC_WEAK = YES;
				CLANG_WARN_BLOCK_CAPTURE_AUTORELEASING = YES;
				CLANG_WARN_BOOL_CONVERSION = YES;
				CLANG_WARN_COMMA = YES;
				CLANG_WARN_CONSTANT_CONVERSION = YES;
				CLANG_WARN_DEPRECATED_OBJC_IMPLEMENTATIONS = YES;
				CLANG_WARN_DIRECT_OBJC_ISA_USAGE = YES_ERROR;
				CLANG_WARN_DOCUMENTATION_COMMENTS = YES;
				CLANG_WARN_EMPTY_BODY = YES;
				CLANG_WARN_ENUM_CONVERSION = YES;
				CLANG_WARN_INFINITE_RECURSION = YES;
				CLANG_WARN_INT_CONVERSION = YES;
				CLANG_WARN_NON_LITERAL_NULL_CONVERSION = YES;
				CLANG_WARN_OBJC_IMPLICIT_RETAIN_SELF = YES;
				CLANG_WARN_OBJC_LITERAL_CONVERSION = YES;
				CLANG_WARN_OBJC_ROOT_CLASS = YES_ERROR;
				CLANG_WARN_QUOTED_INCLUDE_IN_FRAMEWORK_HEADER = YES;
				CLANG_WARN_RANGE_LOOP_ANALYSIS = YES;
				CLANG_WARN_STRICT_PROTOTYPES = YES;
				CLANG_WARN_SUSPICIOUS_MOVE = YES;
				CLANG_WARN_UNGUARDED_AVAILABILITY = YES_AGGRESSIVE;
				CLANG_WARN_UNREACHABLE_CODE = YES;
				CLANG_WARN__DUPLICATE_METHOD_MATCH = YES;
				COPY_PHASE_STRIP = NO;
				DEBUG_INFORMATION_FORMAT = "dwarf-with-dsym";
				ENABLE_NS_ASSERTIONS = NO;
				ENABLE_STRICT_OBJC_MSGSEND = YES;
				GCC_C_LANGUAGE_STANDARD = gnu11;
				GCC_NO_COMMON_BLOCKS = YES;
				GCC_WARN_64_TO_32_BIT_CONVERSION = YES;
				GCC_WARN_ABOUT_RETURN_TYPE = YES_ERROR;
				GCC_WARN_UNDECLARED_SELECTOR = YES;
				GCC_WARN_UNINITIALIZED_AUTOS = YES_AGGRESSIVE;
				GCC_WARN_UNUSED_FUNCTION = YES;
				GCC_WARN_UNUSED_VARIABLE = YES;
				IPHONEOS_DEPLOYMENT_TARGET = 16.4;
				MTL_ENABLE_DEBUG_INFO = NO;
				MTL_FAST_MATH = YES;
				SDKROOT = iphoneos;
				SWIFT_COMPILATION_MODE = wholemodule;
				SWIFT_OPTIMIZATION_LEVEL = "-O";
				VALIDATE_PRODUCT = YES;
			};
			name = Release;
		};
		5C546C2E2A540FA5005A4345 /* Debug */ = {
			isa = XCBuildConfiguration;
			buildSettings = {
				ASSETCATALOG_COMPILER_APPICON_NAME = AppIcon;
				ASSETCATALOG_COMPILER_GLOBAL_ACCENT_COLOR_NAME = AccentColor;
				CODE_SIGN_STYLE = Automatic;
				CURRENT_PROJECT_VERSION = 1;
				DEVELOPMENT_ASSET_PATHS = "\"Landmarks/Preview Content\"";
				DEVELOPMENT_TEAM = Z6UU7WL5HP;
				ENABLE_PREVIEWS = YES;
				GENERATE_INFOPLIST_FILE = YES;
				INFOPLIST_KEY_UIApplicationSceneManifest_Generation = YES;
				INFOPLIST_KEY_UIApplicationSupportsIndirectInputEvents = YES;
				INFOPLIST_KEY_UILaunchScreen_Generation = YES;
				INFOPLIST_KEY_UISupportedInterfaceOrientations_iPad = "UIInterfaceOrientationPortrait UIInterfaceOrientationPortraitUpsideDown UIInterfaceOrientationLandscapeLeft UIInterfaceOrientationLandscapeRight";
				INFOPLIST_KEY_UISupportedInterfaceOrientations_iPhone = "UIInterfaceOrientationPortrait UIInterfaceOrientationLandscapeLeft UIInterfaceOrientationLandscapeRight";
				LD_RUNPATH_SEARCH_PATHS = (
					"$(inherited)",
					"@executable_path/Frameworks",
				);
				MARKETING_VERSION = 1.0;
				PRODUCT_BUNDLE_IDENTIFIER = "com.ace-authors.Landmarks";
				PRODUCT_NAME = "$(TARGET_NAME)";
				SWIFT_EMIT_LOC_STRINGS = YES;
				SWIFT_VERSION = 5.0;
				TARGETED_DEVICE_FAMILY = "1,2";
			};
			name = Debug;
		};
		5C546C2F2A540FA5005A4345 /* Release */ = {
			isa = XCBuildConfiguration;
			buildSettings = {
				ASSETCATALOG_COMPILER_APPICON_NAME = AppIcon;
				ASSETCATALOG_COMPILER_GLOBAL_ACCENT_COLOR_NAME = AccentColor;
				CODE_SIGN_STYLE = Automatic;
				CURRENT_PROJECT_VERSION = 1;
				DEVELOPMENT_ASSET_PATHS = "\"Landmarks/Preview Content\"";
				DEVELOPMENT_TEAM = Z6UU7WL5HP;
				ENABLE_PREVIEWS = YES;
				GENERATE_INFOPLIST_FILE = YES;
				INFOPLIST_KEY_UIApplicationSceneManifest_Generation = YES;
				INFOPLIST_KEY_UIApplicationSupportsIndirectInputEvents = YES;
				INFOPLIST_KEY_UILaunchScreen_Generation = YES;
				INFOPLIST_KEY_UISupportedInterfaceOrientations_iPad = "UIInterfaceOrientationPortrait UIInterfaceOrientationPortraitUpsideDown UIInterfaceOrientationLandscapeLeft UIInterfaceOrientationLandscapeRight";
				INFOPLIST_KEY_UISupportedInterfaceOrientations_iPhone = "UIInterfaceOrientationPortrait UIInterfaceOrientationLandscapeLeft UIInterfaceOrientationLandscapeRight";
				LD_RUNPATH_SEARCH_PATHS = (
					"$(inherited)",
					"@executable_path/Frameworks",
				);
				MARKETING_VERSION = 1.0;
				PRODUCT_BUNDLE_IDENTIFIER = "com.ace-authors.Landmarks";
				PRODUCT_NAME = "$(TARGET_NAME)";
				SWIFT_EMIT_LOC_STRINGS = YES;
				SWIFT_VERSION = 5.0;
				TARGETED_DEVICE_FAMILY = "1,2";
			};
			name = Release;
		};
		5C546C312A540FA5005A4345 /* Debug */ = {
			isa = XCBuildConfiguration;
			buildSettings = {
				ALWAYS_EMBED_SWIFT_STANDARD_LIBRARIES = YES;
				BUNDLE_LOADER = "$(TEST_HOST)";
				CODE_SIGN_STYLE = Automatic;
				CURRENT_PROJECT_VERSION = 1;
				DEVELOPMENT_TEAM = Z6UU7WL5HP;
				GENERATE_INFOPLIST_FILE = YES;
				IPHONEOS_DEPLOYMENT_TARGET = 16.4;
				MARKETING_VERSION = 1.0;
				PRODUCT_BUNDLE_IDENTIFIER = "com.ace-authors.LandmarksTests";
				PRODUCT_NAME = "$(TARGET_NAME)";
				SWIFT_EMIT_LOC_STRINGS = NO;
				SWIFT_VERSION = 5.0;
				TARGETED_DEVICE_FAMILY = "1,2";
				TEST_HOST = "$(BUILT_PRODUCTS_DIR)/Landmarks.app/$(BUNDLE_EXECUTABLE_FOLDER_PATH)/Landmarks";
			};
			name = Debug;
		};
		5C546C322A540FA5005A4345 /* Release */ = {
			isa = XCBuildConfiguration;
			buildSettings = {
				ALWAYS_EMBED_SWIFT_STANDARD_LIBRARIES = YES;
				BUNDLE_LOADER = "$(TEST_HOST)";
				CODE_SIGN_STYLE = Automatic;
				CURRENT_PROJECT_VERSION = 1;
				DEVELOPMENT_TEAM = Z6UU7WL5HP;
				GENERATE_INFOPLIST_FILE = YES;
				IPHONEOS_DEPLOYMENT_TARGET = 16.4;
				MARKETING_VERSION = 1.0;
				PRODUCT_BUNDLE_IDENTIFIER = "com.ace-authors.LandmarksTests";
				PRODUCT_NAME = "$(TARGET_NAME)";
				SWIFT_EMIT_LOC_STRINGS = NO;
				SWIFT_VERSION = 5.0;
				TARGETED_DEVICE_FAMILY = "1,2";
				TEST_HOST = "$(BUILT_PRODUCTS_DIR)/Landmarks.app/$(BUNDLE_EXECUTABLE_FOLDER_PATH)/Landmarks";
			};
			name = Release;
		};
		5C546C342A540FA5005A4345 /* Debug */ = {
			isa = XCBuildConfiguration;
			buildSettings = {
				ALWAYS_EMBED_SWIFT_STANDARD_LIBRARIES = YES;
				CODE_SIGN_STYLE = Automatic;
				CURRENT_PROJECT_VERSION = 1;
				DEVELOPMENT_TEAM = Z6UU7WL5HP;
				GENERATE_INFOPLIST_FILE = YES;
				MARKETING_VERSION = 1.0;
				PRODUCT_BUNDLE_IDENTIFIER = "com.ace-authors.LandmarksUITests";
				PRODUCT_NAME = "$(TARGET_NAME)";
				SWIFT_EMIT_LOC_STRINGS = NO;
				SWIFT_VERSION = 5.0;
				TARGETED_DEVICE_FAMILY = "1,2";
				TEST_TARGET_NAME = Landmarks;
			};
			name = Debug;
		};
		5C546C352A540FA5005A4345 /* Release */ = {
			isa = XCBuildConfiguration;
			buildSettings = {
				ALWAYS_EMBED_SWIFT_STANDARD_LIBRARIES = YES;
				CODE_SIGN_STYLE = Automatic;
				CURRENT_PROJECT_VERSION = 1;
				DEVELOPMENT_TEAM = Z6UU7WL5HP;
				GENERATE_INFOPLIST_FILE = YES;
				MARKETING_VERSION = 1.0;
				PRODUCT_BUNDLE_IDENTIFIER = "com.ace-authors.LandmarksUITests";
				PRODUCT_NAME = "$(TARGET_NAME)";
				SWIFT_EMIT_LOC_STRINGS = NO;
				SWIFT_VERSION = 5.0;
				TARGETED_DEVICE_FAMILY = "1,2";
				TEST_TARGET_NAME = Landmarks;
			};
			name = Release;
		};
/* End XCBuildConfiguration section */

/* Begin XCConfigurationList section */
		5C546C042A540FA4005A4345 /* Build configuration list for PBXProject "Landmarks" */ = {
			isa = XCConfigurationList;
			buildConfigurations = (
				5C546C2B2A540FA5005A4345 /* Debug */,
				5C546C2C2A540FA5005A4345 /* Release */,
			);
			defaultConfigurationIsVisible = 0;
			defaultConfigurationName = Release;
		};
		5C546C2D2A540FA5005A4345 /* Build configuration list for PBXNativeTarget "Landmarks" */ = {
			isa = XCConfigurationList;
			buildConfigurations = (
				5C546C2E2A540FA5005A4345 /* Debug */,
				5C546C2F2A540FA5005A4345 /* Release */,
			);
			defaultConfigurationIsVisible = 0;
			defaultConfigurationName = Release;
		};
		5C546C302A540FA5005A4345 /* Build configuration list for PBXNativeTarget "LandmarksTests" */ = {
			isa = XCConfigurationList;
			buildConfigurations = (
				5C546C312A540FA5005A4345 /* Debug */,
				5C546C322A540FA5005A4345 /* Release */,
			);
			defaultConfigurationIsVisible = 0;
			defaultConfigurationName = Release;
		};
		5C546C332A540FA5005A4345 /* Build configuration list for PBXNativeTarget "LandmarksUITests" */ = {
			isa = XCConfigurationList;
			buildConfigurations = (
				5C546C342A540FA5005A4345 /* Debug */,
				5C546C352A540FA5005A4345 /* Release */,
			);
			defaultConfigurationIsVisible = 0;
			defaultConfigurationName = Release;
		};
/* End XCConfigurationList section */
	};
	rootObject = 5C546C012A540FA4005A4345 /* Project object */;
}
