// !$*UTF8*$!
{
	archiveVersion = 1;
	classes = {
	};
	objectVersion = 50;
	objects = {

/* Begin PBXBuildFile section */
		5C0CF053235A6638003DF28B /* AppDelegate.swift in Sources */ = {isa = PBXBuildFile; fileRef = 5C0CF052235A6638003DF28B /* AppDelegate.swift */; };
		5C0CF055235A6638003DF28B /* SceneDelegate.swift in Sources */ = {isa = PBXBuildFile; fileRef = 5C0CF054235A6638003DF28B /* SceneDelegate.swift */; };
		5C0CF057235A6638003DF28B /* ContentView.swift in Sources */ = {isa = PBXBuildFile; fileRef = 5C0CF056235A6638003DF28B /* ContentView.swift */; };
		5C0CF059235A663F003DF28B /* Assets.xcassets in Resources */ = {isa = PBXBuildFile; fileRef = 5C0CF058235A663F003DF28B /* Assets.xcassets */; };
		5C0CF05C235A663F003DF28B /* Preview Assets.xcassets in Resources */ = {isa = PBXBuildFile; fileRef = 5C0CF05B235A663F003DF28B /* Preview Assets.xcassets */; };
		5C0CF05F235A663F003DF28B /* LaunchScreen.storyboard in Resources */ = {isa = PBXBuildFile; fileRef = 5C0CF05D235A663F003DF28B /* LaunchScreen.storyboard */; };
/* End PBXBuildFile section */

/* Begin PBXFileReference section */
		5C0CF04F235A6638003DF28B /* AnotherSwiftUITest.app */ = {isa = PBXFileReference; explicitFileType = wrapper.application; includeInIndex = 0; path = AnotherSwiftUITest.app; sourceTree = BUILT_PRODUCTS_DIR; };
		5C0CF052235A6638003DF28B /* AppDelegate.swift */ = {isa = PBXFileReference; lastKnownFileType = sourcecode.swift; path = AppDelegate.swift; sourceTree = "<group>"; };
		5C0CF054235A6638003DF28B /* SceneDelegate.swift */ = {isa = PBXFileReference; lastKnownFileType = sourcecode.swift; path = SceneDelegate.swift; sourceTree = "<group>"; };
		5C0CF056235A6638003DF28B /* ContentView.swift */ = {isa = PBXFileReference; lastKnownFileType = sourcecode.swift; path = ContentView.swift; sourceTree = "<group>"; };
		5C0CF058235A663F003DF28B /* Assets.xcassets */ = {isa = PBXFileReference; lastKnownFileType = folder.assetcatalog; path = Assets.xcassets; sourceTree = "<group>"; };
		5C0CF05B235A663F003DF28B /* Preview Assets.xcassets */ = {isa = PBXFileReference; lastKnownFileType = folder.assetcatalog; path = "Preview Assets.xcassets"; sourceTree = "<group>"; };
		5C0CF05E235A663F003DF28B /* Base */ = {isa = PBXFileReference; lastKnownFileType = file.storyboard; name = Base; path = Base.lproj/LaunchScreen.storyboard; sourceTree = "<group>"; };
		5C0CF060235A663F003DF28B /* Info.plist */ = {isa = PBXFileReference; lastKnownFileType = text.plist.xml; path = Info.plist; sourceTree = "<group>"; };
/* End PBXFileReference section */

/* Begin PBXFrameworksBuildPhase section */
		5C0CF04C235A6638003DF28B /* Frameworks */ = {
			isa = PBXFrameworksBuildPhase;
			buildActionMask = 2147483647;
			files = (
			);
			runOnlyForDeploymentPostprocessing = 0;
		};
/* End PBXFrameworksBuildPhase section */

/* Begin PBXGroup section */
		5C0CF046235A6638003DF28B = {
			isa = PBXGroup;
			children = (
				5C0CF051235A6638003DF28B /* AnotherSwiftUITest */,
				5C0CF050235A6638003DF28B /* Products */,
			);
			sourceTree = "<group>";
		};
		5C0CF050235A6638003DF28B /* Products */ = {
			isa = PBXGroup;
			children = (
				5C0CF04F235A6638003DF28B /* AnotherSwiftUITest.app */,
			);
			name = Products;
			sourceTree = "<group>";
		};
		5C0CF051235A6638003DF28B /* AnotherSwiftUITest */ = {
			isa = PBXGroup;
			children = (
				5C0CF052235A6638003DF28B /* AppDelegate.swift */,
				5C0CF054235A6638003DF28B /* SceneDelegate.swift */,
				5C0CF056235A6638003DF28B /* ContentView.swift */,
				5C0CF058235A663F003DF28B /* Assets.xcassets */,
				5C0CF05D235A663F003DF28B /* LaunchScreen.storyboard */,
				5C0CF060235A663F003DF28B /* Info.plist */,
				5C0CF05A235A663F003DF28B /* Preview Content */,
			);
			path = AnotherSwiftUITest;
			sourceTree = "<group>";
		};
		5C0CF05A235A663F003DF28B /* Preview Content */ = {
			isa = PBXGroup;
			children = (
				5C0CF05B235A663F003DF28B /* Preview Assets.xcassets */,
			);
			path = "Preview Content";
			sourceTree = "<group>";
		};
/* End PBXGroup section */

/* Begin PBXNativeTarget section */
		5C0CF04E235A6638003DF28B /* AnotherSwiftUITest */ = {
			isa = PBXNativeTarget;
			buildConfigurationList = 5C0CF063235A663F003DF28B /* Build configuration list for PBXNativeTarget "AnotherSwiftUITest" */;
			buildPhases = (
				5C0CF04B235A6638003DF28B /* Sources */,
				5C0CF04C235A6638003DF28B /* Frameworks */,
				5C0CF04D235A6638003DF28B /* Resources */,
			);
			buildRules = (
			);
			dependencies = (
			);
			name = AnotherSwiftUITest;
			productName = AnotherSwiftUITest;
			productReference = 5C0CF04F235A6638003DF28B /* AnotherSwiftUITest.app */;
			productType = "com.apple.product-type.application";
		};
/* End PBXNativeTarget section */

/* Begin PBXProject section */
		5C0CF047235A6638003DF28B /* Project object */ = {
			isa = PBXProject;
			attributes = {
				LastSwiftUpdateCheck = 1110;
				LastUpgradeCheck = 1200;
				ORGANIZATIONNAME = "Ace Authors";
				TargetAttributes = {
					5C0CF04E235A6638003DF28B = {
						CreatedOnToolsVersion = 11.1;
					};
				};
			};
			buildConfigurationList = 5C0CF04A235A6638003DF28B /* Build configuration list for PBXProject "AnotherSwiftUITest" */;
			compatibilityVersion = "Xcode 9.3";
			developmentRegion = en;
			hasScannedForEncodings = 0;
			knownRegions = (
				en,
				Base,
			);
			mainGroup = 5C0CF046235A6638003DF28B;
			productRefGroup = 5C0CF050235A6638003DF28B /* Products */;
			projectDirPath = "";
			projectRoot = "";
			targets = (
				5C0CF04E235A6638003DF28B /* AnotherSwiftUITest */,
			);
		};
/* End PBXProject section */

/* Begin PBXResourcesBuildPhase section */
		5C0CF04D235A6638003DF28B /* Resources */ = {
			isa = PBXResourcesBuildPhase;
			buildActionMask = 2147483647;
			files = (
				5C0CF05F235A663F003DF28B /* LaunchScreen.storyboard in Resources */,
				5C0CF05C235A663F003DF28B /* Preview Assets.xcassets in Resources */,
				5C0CF059235A663F003DF28B /* Assets.xcassets in Resources */,
			);
			runOnlyForDeploymentPostprocessing = 0;
		};
/* End PBXResourcesBuildPhase section */

/* Begin PBXSourcesBuildPhase section */
		5C0CF04B235A6638003DF28B /* Sources */ = {
			isa = PBXSourcesBuildPhase;
			buildActionMask = 2147483647;
			files = (
				5C0CF053235A6638003DF28B /* AppDelegate.swift in Sources */,
				5C0CF055235A6638003DF28B /* SceneDelegate.swift in Sources */,
				5C0CF057235A6638003DF28B /* ContentView.swift in Sources */,
			);
			runOnlyForDeploymentPostprocessing = 0;
		};
/* End PBXSourcesBuildPhase section */

/* Begin PBXVariantGroup section */
		5C0CF05D235A663F003DF28B /* LaunchScreen.storyboard */ = {
			isa = PBXVariantGroup;
			children = (
				5C0CF05E235A663F003DF28B /* Base */,
			);
			name = LaunchScreen.storyboard;
			sourceTree = "<group>";
		};
/* End PBXVariantGroup section */

/* Begin XCBuildConfiguration section */
		5C0CF061235A663F003DF28B /* Debug */ = {
			isa = XCBuildConfiguration;
			buildSettings = {
				ALWAYS_SEARCH_USER_PATHS = NO;
				CLANG_ANALYZER_NONNULL = YES;
				CLANG_ANALYZER_NUMBER_OBJECT_CONVERSION = YES_AGGRESSIVE;
				CLANG_CXX_LANGUAGE_STANDARD = "gnu++14";
				CLANG_CXX_LIBRARY = "libc++";
				CLANG_ENABLE_MODULES = YES;
				CLANG_ENABLE_OBJC_ARC = YES;
				CLANG_ENABLE_OBJC_WEAK = YES;
				CLANG_WARN_BLOCK_CAPTURE_AUTORELEASING = YES;
				CLANG_WARN_BOOL_CONVERSION = YES;
				CLANG_WARN_COMMA = YES;
				CLANG_WARN_CONSTANT_CONVERSION = YES;
				CLANG_WARN_DEPRECATED_OBJC_IMPLEMENTATIONS = YES;
				CLANG_WARN_DIRECT_OBJC_ISA_USAGE = YES_ERROR;
				CLANG_WARN_DOCUMENTATION_COMMENTS = YES;
				CLANG_WARN_EMPTY_BODY = YES;
				CLANG_WARN_ENUM_CONVERSION = YES;
				CLANG_WARN_INFINITE_RECURSION = YES;
				CLANG_WARN_INT_CONVERSION = YES;
				CLANG_WARN_NON_LITERAL_NULL_CONVERSION = YES;
				CLANG_WARN_OBJC_IMPLICIT_RETAIN_SELF = YES;
				CLANG_WARN_OBJC_LITERAL_CONVERSION = YES;
				CLANG_WARN_OBJC_ROOT_CLASS = YES_ERROR;
				CLANG_WARN_QUOTED_INCLUDE_IN_FRAMEWORK_HEADER = YES;
				CLANG_WARN_RANGE_LOOP_ANALYSIS = YES;
				CLANG_WARN_STRICT_PROTOTYPES = YES;
				CLANG_WARN_SUSPICIOUS_MOVE = YES;
				CLANG_WARN_UNGUARDED_AVAILABILITY = YES_AGGRESSIVE;
				CLANG_WARN_UNREACHABLE_CODE = YES;
				CLANG_WARN__DUPLICATE_METHOD_MATCH = YES;
				COPY_PHASE_STRIP = NO;
				DEBUG_INFORMATION_FORMAT = dwarf;
				ENABLE_STRICT_OBJC_MSGSEND = YES;
				ENABLE_TESTABILITY = YES;
				GCC_C_LANGUAGE_STANDARD = gnu11;
				GCC_DYNAMIC_NO_PIC = NO;
				GCC_NO_COMMON_BLOCKS = YES;
				GCC_OPTIMIZATION_LEVEL = 0;
				GCC_PREPROCESSOR_DEFINITIONS = (
					"DEBUG=1",
					"$(inherited)",
				);
				GCC_WARN_64_TO_32_BIT_CONVERSION = YES;
				GCC_WARN_ABOUT_RETURN_TYPE = YES_ERROR;
				GCC_WARN_UNDECLARED_SELECTOR = YES;
				GCC_WARN_UNINITIALIZED_AUTOS = YES_AGGRESSIVE;
				GCC_WARN_UNUSED_FUNCTION = YES;
				GCC_WARN_UNUSED_VARIABLE = YES;
				IPHONEOS_DEPLOYMENT_TARGET = 13.1;
				MTL_ENABLE_DEBUG_INFO = INCLUDE_SOURCE;
				MTL_FAST_MATH = YES;
				ONLY_ACTIVE_ARCH = YES;
				SDKROOT = iphoneos;
				SWIFT_ACTIVE_COMPILATION_CONDITIONS = DEBUG;
				SWIFT_OPTIMIZATION_LEVEL = "-Onone";
			};
			name = Debug;
		};
		5C0CF062235A663F003DF28B /* Release */ = {
			isa = XCBuildConfiguration;
			buildSettings = {
				ALWAYS_SEARCH_USER_PATHS = NO;
				CLANG_ANALYZER_NONNULL = YES;
				CLANG_ANALYZER_NUMBER_OBJECT_CONVERSION = YES_AGGRESSIVE;
				CLANG_CXX_LANGUAGE_STANDARD = "gnu++14";
				CLANG_CXX_LIBRARY = "libc++";
				CLANG_ENABLE_MODULES = YES;
				CLANG_ENABLE_OBJC_ARC = YES;
				CLANG_ENABLE_OBJC_WEAK = YES;
				CLANG_WARN_BLOCK_CAPTURE_AUTORELEASING = YES;
				CLANG_WARN_BOOL_CONVERSION = YES;
				CLANG_WARN_COMMA = YES;
				CLANG_WARN_CONSTANT_CONVERSION = YES;
				CLANG_WARN_DEPRECATED_OBJC_IMPLEMENTATIONS = YES;
				CLANG_WARN_DIRECT_OBJC_ISA_USAGE = YES_ERROR;
				CLANG_WARN_DOCUMENTATION_COMMENTS = YES;
				CLANG_WARN_EMPTY_BODY = YES;
				CLANG_WARN_ENUM_CONVERSION = YES;
				CLANG_WARN_INFINITE_RECURSION = YES;
				CLANG_WARN_INT_CONVERSION = YES;
				CLANG_WARN_NON_LITERAL_NULL_CONVERSION = YES;
				CLANG_WARN_OBJC_IMPLICIT_RETAIN_SELF = YES;
				CLANG_WARN_OBJC_LITERAL_CONVERSION = YES;
				CLANG_WARN_OBJC_ROOT_CLASS = YES_ERROR;
				CLANG_WARN_QUOTED_INCLUDE_IN_FRAMEWORK_HEADER = YES;
				CLANG_WARN_RANGE_LOOP_ANALYSIS = YES;
				CLANG_WARN_STRICT_PROTOTYPES = YES;
				CLANG_WARN_SUSPICIOUS_MOVE = YES;
				CLANG_WARN_UNGUARDED_AVAILABILITY = YES_AGGRESSIVE;
				CLANG_WARN_UNREACHABLE_CODE = YES;
				CLANG_WARN__DUPLICATE_METHOD_MATCH = YES;
				COPY_PHASE_STRIP = NO;
				DEBUG_INFORMATION_FORMAT = "dwarf-with-dsym";
				ENABLE_NS_ASSERTIONS = NO;
				ENABLE_STRICT_OBJC_MSGSEND = YES;
				GCC_C_LANGUAGE_STANDARD = gnu11;
				GCC_NO_COMMON_BLOCKS = YES;
				GCC_WARN_64_TO_32_BIT_CONVERSION = YES;
				GCC_WARN_ABOUT_RETURN_TYPE = YES_ERROR;
				GCC_WARN_UNDECLARED_SELECTOR = YES;
				GCC_WARN_UNINITIALIZED_AUTOS = YES_AGGRESSIVE;
				GCC_WARN_UNUSED_FUNCTION = YES;
				GCC_WARN_UNUSED_VARIABLE = YES;
				IPHONEOS_DEPLOYMENT_TARGET = 13.1;
				MTL_ENABLE_DEBUG_INFO = NO;
				MTL_FAST_MATH = YES;
				SDKROOT = iphoneos;
				SWIFT_COMPILATION_MODE = wholemodule;
				SWIFT_OPTIMIZATION_LEVEL = "-O";
				VALIDATE_PRODUCT = YES;
			};
			name = Release;
		};
		5C0CF064235A663F003DF28B /* Debug */ = {
			isa = XCBuildConfiguration;
			buildSettings = {
				ASSETCATALOG_COMPILER_APPICON_NAME = AppIcon;
				CODE_SIGN_STYLE = Automatic;
				DEVELOPMENT_ASSET_PATHS = "\"AnotherSwiftUITest/Preview Content\"";
				DEVELOPMENT_TEAM = Z6UU7WL5HP;
				ENABLE_PREVIEWS = YES;
				INFOPLIST_FILE = AnotherSwiftUITest/Info.plist;
				LD_RUNPATH_SEARCH_PATHS = (
					"$(inherited)",
					"@executable_path/Frameworks",
				);
				PRODUCT_BUNDLE_IDENTIFIER = "com.ace-authors.AnotherSwiftUITest";
				PRODUCT_NAME = "$(TARGET_NAME)";
				SWIFT_VERSION = 5.0;
				TARGETED_DEVICE_FAMILY = "1,2";
			};
			name = Debug;
		};
		5C0CF065235A663F003DF28B /* Release */ = {
			isa = XCBuildConfiguration;
			buildSettings = {
				ASSETCATALOG_COMPILER_APPICON_NAME = AppIcon;
				CODE_SIGN_STYLE = Automatic;
				DEVELOPMENT_ASSET_PATHS = "\"AnotherSwiftUITest/Preview Content\"";
				DEVELOPMENT_TEAM = Z6UU7WL5HP;
				ENABLE_PREVIEWS = YES;
				INFOPLIST_FILE = AnotherSwiftUITest/Info.plist;
				LD_RUNPATH_SEARCH_PATHS = (
					"$(inherited)",
					"@executable_path/Frameworks",
				);
				PRODUCT_BUNDLE_IDENTIFIER = "com.ace-authors.AnotherSwiftUITest";
				PRODUCT_NAME = "$(TARGET_NAME)";
				SWIFT_VERSION = 5.0;
				TARGETED_DEVICE_FAMILY = "1,2";
			};
			name = Release;
		};
/* End XCBuildConfiguration section */

/* Begin XCConfigurationList section */
		5C0CF04A235A6638003DF28B /* Build configuration list for PBXProject "AnotherSwiftUITest" */ = {
			isa = XCConfigurationList;
			buildConfigurations = (
				5C0CF061235A663F003DF28B /* Debug */,
				5C0CF062235A663F003DF28B /* Release */,
			);
			defaultConfigurationIsVisible = 0;
			defaultConfigurationName = Release;
		};
		5C0CF063235A663F003DF28B /* Build configuration list for PBXNativeTarget "AnotherSwiftUITest" */ = {
			isa = XCConfigurationList;
			buildConfigurations = (
				5C0CF064235A663F003DF28B /* Debug */,
				5C0CF065235A663F003DF28B /* Release */,
			);
			defaultConfigurationIsVisible = 0;
			defaultConfigurationName = Release;
		};
/* End XCConfigurationList section */
	};
	rootObject = 5C0CF047235A6638003DF28B /* Project object */;
}
